// !$*UTF8*$!
{
	archiveVersion = 1;
	classes = {
	};
	objectVersion = 55;
	objects = {

/* Begin PBXBuildFile section */
		03D1C70CD84199B1CBB9E330 /* Shared_Layouts.framework in Embed Frameworks */ = {isa = PBXBuildFile; fileRef = F2264E0552C0EAFF237C5491 /* Shared_Layouts.framework */; settings = {ATTRIBUTES = (CodeSignOnCopy, RemoveHeadersOnCopy, ); }; };
		067DAEB7A526D7FC86434E3C /* Shared_Layouts.framework in Frameworks */ = {isa = PBXBuildFile; fileRef = F2264E0552C0EAFF237C5491 /* Shared_Layouts.framework */; };
		088677756CD3A487613A2E2E /* TuistBundle+BKitExampleApp.swift in Sources */ = {isa = PBXBuildFile; fileRef = 5D4F61A028FEA4387BB2A48A /* TuistBundle+BKitExampleApp.swift */; };
		11B8CEB46F4AC996C3F6FFD5 /* B_Kit.framework in Frameworks */ = {isa = PBXBuildFile; fileRef = 0BF4CED848F97E01F9DCD86B /* B_Kit.framework */; };
		194984D1C1234BBBFF73533E /* Shared_Models.framework in Embed Frameworks */ = {isa = PBXBuildFile; fileRef = C838BE2440B7D5BB55C5CDBF /* Shared_Models.framework */; settings = {ATTRIBUTES = (CodeSignOnCopy, RemoveHeadersOnCopy, ); }; };
		1E692F59F0462657D863213F /* B_Core.framework in Frameworks */ = {isa = PBXBuildFile; fileRef = F5F5FD96C0F305C1BE113765 /* B_Core.framework */; };
		25C3F4C5FD48BA09D2AE5F8E /* TuistAssets+BProductionApp.swift in Sources */ = {isa = PBXBuildFile; fileRef = 8EEDA0776025A2E64C75F04A /* TuistAssets+BProductionApp.swift */; };
		3661FBE8FF2AD3DE900824A0 /* Assets.xcassets in Resources */ = {isa = PBXBuildFile; fileRef = CEB4BCABA9946E715406BCFC /* Assets.xcassets */; };
		391A5989930858BA6D0BB9EC /* B_Kit.framework in Frameworks */ = {isa = PBXBuildFile; fileRef = 0BF4CED848F97E01F9DCD86B /* B_Kit.framework */; };
		3F7DEAED81AA8579EC4CE792 /* Shared_Component_C.framework in Frameworks */ = {isa = PBXBuildFile; fileRef = 98B12F97A7EB6E5AB3AC77BD /* Shared_Component_C.framework */; };
		4DE41021048CFA0AE5D817AA /* Shared_Models.framework in Frameworks */ = {isa = PBXBuildFile; fileRef = C838BE2440B7D5BB55C5CDBF /* Shared_Models.framework */; };
		58EE7DC30619F2CC5F9F2A83 /* B_Production_App_Tests.swift in Sources */ = {isa = PBXBuildFile; fileRef = 231B801164A84823DE039C23 /* B_Production_App_Tests.swift */; };
		5E4E760A9382301AEF51DE45 /* B_Core.framework in Frameworks */ = {isa = PBXBuildFile; fileRef = F5F5FD96C0F305C1BE113765 /* B_Core.framework */; };
		650CE9C0E1AFD75B6852003D /* B_Kit.framework in Embed Frameworks */ = {isa = PBXBuildFile; fileRef = 0BF4CED848F97E01F9DCD86B /* B_Kit.framework */; settings = {ATTRIBUTES = (CodeSignOnCopy, RemoveHeadersOnCopy, ); }; };
		6B7C9C33220A99007A098C70 /* Assets.xcassets in Resources */ = {isa = PBXBuildFile; fileRef = 9D15587EF590748D3648DA41 /* Assets.xcassets */; };
		6F840E790E59C019DB5DBDD2 /* TuistAssets+BKitExampleApp.swift in Sources */ = {isa = PBXBuildFile; fileRef = 4039F5F28AE84E003F3DF862 /* TuistAssets+BKitExampleApp.swift */; };
		6FE28EE18B3B4CF4F0C2A4CC /* B_Kit_Tests.swift in Sources */ = {isa = PBXBuildFile; fileRef = AA493BCAA1E566A9FB81E4FA /* B_Kit_Tests.swift */; };
		702DAEFB4AE6BBDDDCF4300E /* B_Core.framework in Embed Frameworks */ = {isa = PBXBuildFile; fileRef = F5F5FD96C0F305C1BE113765 /* B_Core.framework */; settings = {ATTRIBUTES = (CodeSignOnCopy, RemoveHeadersOnCopy, ); }; };
		79A2BB318294230836B424FD /* Shared_Models.framework in Embed Frameworks */ = {isa = PBXBuildFile; fileRef = C838BE2440B7D5BB55C5CDBF /* Shared_Models.framework */; settings = {ATTRIBUTES = (CodeSignOnCopy, RemoveHeadersOnCopy, ); }; };
		87EABAA968410CA42FBCD7C8 /* Shared_Component_C.framework in Embed Frameworks */ = {isa = PBXBuildFile; fileRef = 98B12F97A7EB6E5AB3AC77BD /* Shared_Component_C.framework */; settings = {ATTRIBUTES = (CodeSignOnCopy, RemoveHeadersOnCopy, ); }; };
		88E010F7309CE783B6E711D2 /* B_Core.framework in Embed Frameworks */ = {isa = PBXBuildFile; fileRef = F5F5FD96C0F305C1BE113765 /* B_Core.framework */; settings = {ATTRIBUTES = (CodeSignOnCopy, RemoveHeadersOnCopy, ); }; };
		8D59320E9DCB7F1A50FB24CB /* Shared_Models.framework in Frameworks */ = {isa = PBXBuildFile; fileRef = C838BE2440B7D5BB55C5CDBF /* Shared_Models.framework */; };
		90FEED2F09D95D66A90483A4 /* A_Core_Tests.swift in Sources */ = {isa = PBXBuildFile; fileRef = 0EBF212067E23A7E6E09BECF /* A_Core_Tests.swift */; };
		A1823A56B379B88017C0F987 /* Shared_Component_C.framework in Frameworks */ = {isa = PBXBuildFile; fileRef = 98B12F97A7EB6E5AB3AC77BD /* Shared_Component_C.framework */; };
		A42417826DEAB30A8ACE7813 /* TuistBundle+BProductionApp.swift in Sources */ = {isa = PBXBuildFile; fileRef = 6429C6316B5627D8E819841A /* TuistBundle+BProductionApp.swift */; };
		AF363D83AAB5C291CFAFD69F /* ColorStyles.swift in Sources */ = {isa = PBXBuildFile; fileRef = 04FD61C81ABEA41366213FE5 /* ColorStyles.swift */; };
		B84EA6818CABF45814701369 /* Shared_Architecture.framework in Embed Frameworks */ = {isa = PBXBuildFile; fileRef = 2C7C39B8DD3D2DEF25D2F808 /* Shared_Architecture.framework */; settings = {ATTRIBUTES = (CodeSignOnCopy, RemoveHeadersOnCopy, ); }; };
		BAF2CF2BE7C97AD7076BB626 /* Shared_Component_C.framework in Frameworks */ = {isa = PBXBuildFile; fileRef = 98B12F97A7EB6E5AB3AC77BD /* Shared_Component_C.framework */; };
		BC1BB6F9D3FD0FEB60E7A1C6 /* Shared_Models.framework in Frameworks */ = {isa = PBXBuildFile; fileRef = C838BE2440B7D5BB55C5CDBF /* Shared_Models.framework */; };
		C7CD9174F719BE6679563DD1 /* Shared_Layouts.framework in Frameworks */ = {isa = PBXBuildFile; fileRef = F2264E0552C0EAFF237C5491 /* Shared_Layouts.framework */; };
		CCCC25EDD6BC2483DF497D20 /* B_Production_App.swift in Sources */ = {isa = PBXBuildFile; fileRef = 9D4E38A88C20D909A326484A /* B_Production_App.swift */; };
		CE99777C42428FD843725191 /* Shared_Layouts.framework in Frameworks */ = {isa = PBXBuildFile; fileRef = F2264E0552C0EAFF237C5491 /* Shared_Layouts.framework */; };
		E0CA72F0B07740EC03094AAE /* Shared_Component_C.framework in Embed Frameworks */ = {isa = PBXBuildFile; fileRef = 98B12F97A7EB6E5AB3AC77BD /* Shared_Component_C.framework */; settings = {ATTRIBUTES = (CodeSignOnCopy, RemoveHeadersOnCopy, ); }; };
		E13EB85D4B976F54AC2D422E /* B_Core.framework in Frameworks */ = {isa = PBXBuildFile; fileRef = F5F5FD96C0F305C1BE113765 /* B_Core.framework */; };
		E798C4543D093EBA1612C839 /* FontStyles.swift in Sources */ = {isa = PBXBuildFile; fileRef = B509697A0118286105330B4C /* FontStyles.swift */; };
		E79A28FEACE88076039F2F83 /* B_Kit.swift in Sources */ = {isa = PBXBuildFile; fileRef = EF8F829F5FE813105F290A28 /* B_Kit.swift */; };
		E8BD2A6DD097CEDBE1483C75 /* B_Kit_Example_App.swift in Sources */ = {isa = PBXBuildFile; fileRef = F11FFF0699BC038D70BB1D1D /* B_Kit_Example_App.swift */; };
		EC91FB41686F65BC05D2F13B /* Shared_Layouts.framework in Embed Frameworks */ = {isa = PBXBuildFile; fileRef = F2264E0552C0EAFF237C5491 /* Shared_Layouts.framework */; settings = {ATTRIBUTES = (CodeSignOnCopy, RemoveHeadersOnCopy, ); }; };
		F3588E8E88F7F08C446D2E09 /* Shared_Architecture.framework in Embed Frameworks */ = {isa = PBXBuildFile; fileRef = 2C7C39B8DD3D2DEF25D2F808 /* Shared_Architecture.framework */; settings = {ATTRIBUTES = (CodeSignOnCopy, RemoveHeadersOnCopy, ); }; };
/* End PBXBuildFile section */

/* Begin PBXContainerItemProxy section */
		34762592E2191EEF8CDA4217 /* PBXContainerItemProxy */ = {
			isa = PBXContainerItemProxy;
			containerPortal = 3AB5F3AD9B4480D4B9B0CE64 /* Project object */;
			proxyType = 1;
			remoteGlobalIDString = 3E8F8BF009ACF27D8F8826EC;
			remoteInfo = "B Core";
		};
		39858996D556FF5BC169E858 /* PBXContainerItemProxy */ = {
			isa = PBXContainerItemProxy;
			containerPortal = 3AB5F3AD9B4480D4B9B0CE64 /* Project object */;
			proxyType = 1;
			remoteGlobalIDString = C56BC4D5756EB7AC4D4659A9;
			remoteInfo = "B Kit";
		};
		936E54BC384DE464D35F908C /* PBXContainerItemProxy */ = {
			isa = PBXContainerItemProxy;
			containerPortal = 3AB5F3AD9B4480D4B9B0CE64 /* Project object */;
			proxyType = 1;
			remoteGlobalIDString = 3E8F8BF009ACF27D8F8826EC;
			remoteInfo = "B Core";
		};
		9496AD1AAE424CE2A237FB64 /* PBXContainerItemProxy */ = {
			isa = PBXContainerItemProxy;
			containerPortal = 3AB5F3AD9B4480D4B9B0CE64 /* Project object */;
			proxyType = 1;
			remoteGlobalIDString = 3E8F8BF009ACF27D8F8826EC;
			remoteInfo = "B Core";
		};
		A9B256516AF2CFA1E7ADCC03 /* PBXContainerItemProxy */ = {
			isa = PBXContainerItemProxy;
			containerPortal = 3AB5F3AD9B4480D4B9B0CE64 /* Project object */;
			proxyType = 1;
			remoteGlobalIDString = CE1A30E1208F06C3EB94458F;
			remoteInfo = "B Production App";
		};
		B249D071B966546C70BD3D62 /* PBXContainerItemProxy */ = {
			isa = PBXContainerItemProxy;
			containerPortal = 3AB5F3AD9B4480D4B9B0CE64 /* Project object */;
			proxyType = 1;
			remoteGlobalIDString = C56BC4D5756EB7AC4D4659A9;
			remoteInfo = "B Kit";
		};
/* End PBXContainerItemProxy section */

/* Begin PBXCopyFilesBuildPhase section */
		6BD83314302A521B427E0D2D /* Embed Frameworks */ = {
			isa = PBXCopyFilesBuildPhase;
			buildActionMask = 2147483647;
			dstPath = "";
			dstSubfolderSpec = 10;
			files = (
			);
			name = "Embed Frameworks";
			runOnlyForDeploymentPostprocessing = 0;
		};
		7D5CB6C620557D8B208878F9 /* Embed Frameworks */ = {
			isa = PBXCopyFilesBuildPhase;
			buildActionMask = 2147483647;
			dstPath = "";
			dstSubfolderSpec = 10;
			files = (
				702DAEFB4AE6BBDDDCF4300E /* B_Core.framework in Embed Frameworks */,
				F3588E8E88F7F08C446D2E09 /* Shared_Architecture.framework in Embed Frameworks */,
				E0CA72F0B07740EC03094AAE /* Shared_Component_C.framework in Embed Frameworks */,
				EC91FB41686F65BC05D2F13B /* Shared_Layouts.framework in Embed Frameworks */,
				194984D1C1234BBBFF73533E /* Shared_Models.framework in Embed Frameworks */,
			);
			name = "Embed Frameworks";
			runOnlyForDeploymentPostprocessing = 0;
		};
		7E4FA633F198BB820E9C36BE /* Embed Frameworks */ = {
			isa = PBXCopyFilesBuildPhase;
			buildActionMask = 2147483647;
			dstPath = "";
			dstSubfolderSpec = 10;
			files = (
			);
			name = "Embed Frameworks";
			runOnlyForDeploymentPostprocessing = 0;
		};
		A523F0E37D3E3207A9FEE409 /* Embed Frameworks */ = {
			isa = PBXCopyFilesBuildPhase;
			buildActionMask = 2147483647;
			dstPath = "";
			dstSubfolderSpec = 10;
			files = (
			);
			name = "Embed Frameworks";
			runOnlyForDeploymentPostprocessing = 0;
		};
		A8E887072563F927DBB52BBC /* Embed Frameworks */ = {
			isa = PBXCopyFilesBuildPhase;
			buildActionMask = 2147483647;
			dstPath = "";
			dstSubfolderSpec = 10;
			files = (
			);
			name = "Embed Frameworks";
			runOnlyForDeploymentPostprocessing = 0;
		};
		ADE82040D72CE184B9EB4259 /* Embed Frameworks */ = {
			isa = PBXCopyFilesBuildPhase;
			buildActionMask = 2147483647;
			dstPath = "";
			dstSubfolderSpec = 10;
			files = (
				88E010F7309CE783B6E711D2 /* B_Core.framework in Embed Frameworks */,
				650CE9C0E1AFD75B6852003D /* B_Kit.framework in Embed Frameworks */,
				B84EA6818CABF45814701369 /* Shared_Architecture.framework in Embed Frameworks */,
				87EABAA968410CA42FBCD7C8 /* Shared_Component_C.framework in Embed Frameworks */,
				03D1C70CD84199B1CBB9E330 /* Shared_Layouts.framework in Embed Frameworks */,
				79A2BB318294230836B424FD /* Shared_Models.framework in Embed Frameworks */,
			);
			name = "Embed Frameworks";
			runOnlyForDeploymentPostprocessing = 0;
		};
		BCE4EE321AB30E4708AF43D7 /* Embed Frameworks */ = {
			isa = PBXCopyFilesBuildPhase;
			buildActionMask = 2147483647;
			dstPath = "";
			dstSubfolderSpec = 10;
			files = (
			);
			name = "Embed Frameworks";
			runOnlyForDeploymentPostprocessing = 0;
		};
/* End PBXCopyFilesBuildPhase section */

/* Begin PBXFileReference section */
		04FD61C81ABEA41366213FE5 /* ColorStyles.swift */ = {isa = PBXFileReference; lastKnownFileType = sourcecode.swift; path = ColorStyles.swift; sourceTree = "<group>"; };
		0BF4CED848F97E01F9DCD86B /* B_Kit.framework */ = {isa = PBXFileReference; explicitFileType = wrapper.framework; includeInIndex = 0; path = B_Kit.framework; sourceTree = BUILT_PRODUCTS_DIR; };
		0EBF212067E23A7E6E09BECF /* A_Core_Tests.swift */ = {isa = PBXFileReference; lastKnownFileType = sourcecode.swift; path = A_Core_Tests.swift; sourceTree = "<group>"; };
		1C58A6EF514699DE0776496E /* B_Production_App_Tests.xctest */ = {isa = PBXFileReference; explicitFileType = wrapper.cfbundle; includeInIndex = 0; path = B_Production_App_Tests.xctest; sourceTree = BUILT_PRODUCTS_DIR; };
		231B801164A84823DE039C23 /* B_Production_App_Tests.swift */ = {isa = PBXFileReference; lastKnownFileType = sourcecode.swift; path = B_Production_App_Tests.swift; sourceTree = "<group>"; };
		2C7C39B8DD3D2DEF25D2F808 /* Shared_Architecture.framework */ = {isa = PBXFileReference; explicitFileType = wrapper.framework; includeInIndex = 0; path = Shared_Architecture.framework; sourceTree = BUILT_PRODUCTS_DIR; };
		3893957069CF262AB72CEE76 /* B_Production_App.app */ = {isa = PBXFileReference; explicitFileType = wrapper.application; includeInIndex = 0; path = B_Production_App.app; sourceTree = BUILT_PRODUCTS_DIR; };
		4039F5F28AE84E003F3DF862 /* TuistAssets+BKitExampleApp.swift */ = {isa = PBXFileReference; lastKnownFileType = sourcecode.swift; path = "TuistAssets+BKitExampleApp.swift"; sourceTree = "<group>"; };
		5A3D5EFC20EA2C9BECD34AB3 /* B Core Tests-Info.plist */ = {isa = PBXFileReference; lastKnownFileType = text.plist; path = "B Core Tests-Info.plist"; sourceTree = "<group>"; };
		5D4F61A028FEA4387BB2A48A /* TuistBundle+BKitExampleApp.swift */ = {isa = PBXFileReference; lastKnownFileType = sourcecode.swift; path = "TuistBundle+BKitExampleApp.swift"; sourceTree = "<group>"; };
		5EDD621EE43902C49B8560A0 /* B_Kit_Example_App.app */ = {isa = PBXFileReference; explicitFileType = wrapper.application; includeInIndex = 0; path = B_Kit_Example_App.app; sourceTree = BUILT_PRODUCTS_DIR; };
		6429C6316B5627D8E819841A /* TuistBundle+BProductionApp.swift */ = {isa = PBXFileReference; lastKnownFileType = sourcecode.swift; path = "TuistBundle+BProductionApp.swift"; sourceTree = "<group>"; };
		774F53C11336370D6989754C /* B Production App-Info.plist */ = {isa = PBXFileReference; lastKnownFileType = text.plist; path = "B Production App-Info.plist"; sourceTree = "<group>"; };
		8EEDA0776025A2E64C75F04A /* TuistAssets+BProductionApp.swift */ = {isa = PBXFileReference; lastKnownFileType = sourcecode.swift; path = "TuistAssets+BProductionApp.swift"; sourceTree = "<group>"; };
		8F4C5421F66A7B78139ECF04 /* B Kit Example App-Info.plist */ = {isa = PBXFileReference; lastKnownFileType = text.plist; path = "B Kit Example App-Info.plist"; sourceTree = "<group>"; };
		98B12F97A7EB6E5AB3AC77BD /* Shared_Component_C.framework */ = {isa = PBXFileReference; explicitFileType = wrapper.framework; includeInIndex = 0; path = Shared_Component_C.framework; sourceTree = BUILT_PRODUCTS_DIR; };
		9D15587EF590748D3648DA41 /* Assets.xcassets */ = {isa = PBXFileReference; lastKnownFileType = folder.assetcatalog; path = Assets.xcassets; sourceTree = "<group>"; };
		9D4E38A88C20D909A326484A /* B_Production_App.swift */ = {isa = PBXFileReference; lastKnownFileType = sourcecode.swift; path = B_Production_App.swift; sourceTree = "<group>"; };
		9F4693B365F1BC156A3ABDC6 /* B_Core_Tests.xctest */ = {isa = PBXFileReference; explicitFileType = wrapper.cfbundle; includeInIndex = 0; path = B_Core_Tests.xctest; sourceTree = BUILT_PRODUCTS_DIR; };
		A065426AC2D0CD1C33591183 /* B_Kit_Tests.xctest */ = {isa = PBXFileReference; explicitFileType = wrapper.cfbundle; includeInIndex = 0; path = B_Kit_Tests.xctest; sourceTree = BUILT_PRODUCTS_DIR; };
		AA493BCAA1E566A9FB81E4FA /* B_Kit_Tests.swift */ = {isa = PBXFileReference; lastKnownFileType = sourcecode.swift; path = B_Kit_Tests.swift; sourceTree = "<group>"; };
		ABD2D512C3E1BD959DE1A16D /* B Kit-Info.plist */ = {isa = PBXFileReference; lastKnownFileType = text.plist; path = "B Kit-Info.plist"; sourceTree = "<group>"; };
		B4987BBCF6AC324989649C71 /* B_Production_App.entitlements */ = {isa = PBXFileReference; lastKnownFileType = text.plist.entitlements; path = B_Production_App.entitlements; sourceTree = "<group>"; };
		B509697A0118286105330B4C /* FontStyles.swift */ = {isa = PBXFileReference; lastKnownFileType = sourcecode.swift; path = FontStyles.swift; sourceTree = "<group>"; };
		C838BE2440B7D5BB55C5CDBF /* Shared_Models.framework */ = {isa = PBXFileReference; explicitFileType = wrapper.framework; includeInIndex = 0; path = Shared_Models.framework; sourceTree = BUILT_PRODUCTS_DIR; };
		CEB4BCABA9946E715406BCFC /* Assets.xcassets */ = {isa = PBXFileReference; lastKnownFileType = folder.assetcatalog; path = Assets.xcassets; sourceTree = "<group>"; };
		EF8F829F5FE813105F290A28 /* B_Kit.swift */ = {isa = PBXFileReference; lastKnownFileType = sourcecode.swift; path = B_Kit.swift; sourceTree = "<group>"; };
		F11FFF0699BC038D70BB1D1D /* B_Kit_Example_App.swift */ = {isa = PBXFileReference; lastKnownFileType = sourcecode.swift; path = B_Kit_Example_App.swift; sourceTree = "<group>"; };
		F2264E0552C0EAFF237C5491 /* Shared_Layouts.framework */ = {isa = PBXFileReference; explicitFileType = wrapper.framework; includeInIndex = 0; path = Shared_Layouts.framework; sourceTree = BUILT_PRODUCTS_DIR; };
		F25ECA5B35B21D213787CD2F /* B Production App Tests-Info.plist */ = {isa = PBXFileReference; lastKnownFileType = text.plist; path = "B Production App Tests-Info.plist"; sourceTree = "<group>"; };
		F5F5FD96C0F305C1BE113765 /* B_Core.framework */ = {isa = PBXFileReference; explicitFileType = wrapper.framework; includeInIndex = 0; path = B_Core.framework; sourceTree = BUILT_PRODUCTS_DIR; };
		F6EDF7B5AB21F3AA10A1108D /* B Core-Info.plist */ = {isa = PBXFileReference; lastKnownFileType = text.plist; path = "B Core-Info.plist"; sourceTree = "<group>"; };
		FCEEB4F7E348FD55CC84B88D /* B Kit Tests-Info.plist */ = {isa = PBXFileReference; lastKnownFileType = text.plist; path = "B Kit Tests-Info.plist"; sourceTree = "<group>"; };
/* End PBXFileReference section */

/* Begin PBXFrameworksBuildPhase section */
		6496DBE433BC7751209F052F /* Frameworks */ = {
			isa = PBXFrameworksBuildPhase;
			buildActionMask = 2147483647;
			files = (
				1E692F59F0462657D863213F /* B_Core.framework in Frameworks */,
			);
			runOnlyForDeploymentPostprocessing = 0;
		};
		706D8B7014AF46570EAB07AA /* Frameworks */ = {
			isa = PBXFrameworksBuildPhase;
			buildActionMask = 2147483647;
			files = (
			);
			runOnlyForDeploymentPostprocessing = 0;
		};
		993CEA15E3791C54D1CC5297 /* Frameworks */ = {
			isa = PBXFrameworksBuildPhase;
			buildActionMask = 2147483647;
			files = (
				11B8CEB46F4AC996C3F6FFD5 /* B_Kit.framework in Frameworks */,
			);
			runOnlyForDeploymentPostprocessing = 0;
		};
		9F3D2E594BE808431C8A0DFE /* Frameworks */ = {
			isa = PBXFrameworksBuildPhase;
			buildActionMask = 2147483647;
			files = (
				5E4E760A9382301AEF51DE45 /* B_Core.framework in Frameworks */,
				BAF2CF2BE7C97AD7076BB626 /* Shared_Component_C.framework in Frameworks */,
				067DAEB7A526D7FC86434E3C /* Shared_Layouts.framework in Frameworks */,
				8D59320E9DCB7F1A50FB24CB /* Shared_Models.framework in Frameworks */,
			);
			runOnlyForDeploymentPostprocessing = 0;
		};
		DB5E951FE96B2DE04DC5CC9B /* Frameworks */ = {
			isa = PBXFrameworksBuildPhase;
			buildActionMask = 2147483647;
			files = (
				3F7DEAED81AA8579EC4CE792 /* Shared_Component_C.framework in Frameworks */,
				C7CD9174F719BE6679563DD1 /* Shared_Layouts.framework in Frameworks */,
				4DE41021048CFA0AE5D817AA /* Shared_Models.framework in Frameworks */,
			);
			runOnlyForDeploymentPostprocessing = 0;
		};
		DF6282FE0B0BE950CAD46CA6 /* Frameworks */ = {
			isa = PBXFrameworksBuildPhase;
			buildActionMask = 2147483647;
			files = (
				391A5989930858BA6D0BB9EC /* B_Kit.framework in Frameworks */,
			);
			runOnlyForDeploymentPostprocessing = 0;
		};
		EB4EDD56C17D9361BF5410CF /* Frameworks */ = {
			isa = PBXFrameworksBuildPhase;
			buildActionMask = 2147483647;
			files = (
				E13EB85D4B976F54AC2D422E /* B_Core.framework in Frameworks */,
				A1823A56B379B88017C0F987 /* Shared_Component_C.framework in Frameworks */,
				CE99777C42428FD843725191 /* Shared_Layouts.framework in Frameworks */,
				BC1BB6F9D3FD0FEB60E7A1C6 /* Shared_Models.framework in Frameworks */,
			);
			runOnlyForDeploymentPostprocessing = 0;
		};
/* End PBXFrameworksBuildPhase section */

/* Begin PBXGroup section */
		01050E16DC5B61C022698B44 /* Sources */ = {
			isa = PBXGroup;
			children = (
				04FD61C81ABEA41366213FE5 /* ColorStyles.swift */,
				B509697A0118286105330B4C /* FontStyles.swift */,
			);
			path = Sources;
			sourceTree = "<group>";
		};
		010D23ADAD9AE4A7B3142212 /* B_Production_App */ = {
			isa = PBXGroup;
			children = (
				67773E222AC086AECF4F8014 /* Config */,
				D207AB7D358B0980644624B8 /* Resources */,
				5C7B0B035E525079B90E15BE /* Sources */,
				31A651C3C0C7AD8801DC4B04 /* Tests */,
			);
			path = B_Production_App;
			sourceTree = "<group>";
		};
		0B6DE1483E12EEE99D34D9E1 /* Frameworks */ = {
			isa = PBXGroup;
			children = (
			);
			name = Frameworks;
			sourceTree = "<group>";
		};
		1842D96F357D2ADD3BCB5904 /* InfoPlists */ = {
			isa = PBXGroup;
			children = (
				5A3D5EFC20EA2C9BECD34AB3 /* B Core Tests-Info.plist */,
				F6EDF7B5AB21F3AA10A1108D /* B Core-Info.plist */,
				8F4C5421F66A7B78139ECF04 /* B Kit Example App-Info.plist */,
				FCEEB4F7E348FD55CC84B88D /* B Kit Tests-Info.plist */,
				ABD2D512C3E1BD959DE1A16D /* B Kit-Info.plist */,
				F25ECA5B35B21D213787CD2F /* B Production App Tests-Info.plist */,
				774F53C11336370D6989754C /* B Production App-Info.plist */,
			);
			path = InfoPlists;
			sourceTree = "<group>";
		};
		29ADF379383ECE43012C88F5 /* Tests */ = {
			isa = PBXGroup;
			children = (
				0EBF212067E23A7E6E09BECF /* A_Core_Tests.swift */,
			);
			path = Tests;
			sourceTree = "<group>";
		};
		31A651C3C0C7AD8801DC4B04 /* Tests */ = {
			isa = PBXGroup;
			children = (
				231B801164A84823DE039C23 /* B_Production_App_Tests.swift */,
			);
			path = Tests;
			sourceTree = "<group>";
		};
		39C177CED0DED8A4EAD5E917 /* Sources */ = {
			isa = PBXGroup;
			children = (
				4039F5F28AE84E003F3DF862 /* TuistAssets+BKitExampleApp.swift */,
				8EEDA0776025A2E64C75F04A /* TuistAssets+BProductionApp.swift */,
				5D4F61A028FEA4387BB2A48A /* TuistBundle+BKitExampleApp.swift */,
				6429C6316B5627D8E819841A /* TuistBundle+BProductionApp.swift */,
			);
			path = Sources;
			sourceTree = "<group>";
		};
		4BB376B03247474FDE5D9B4A /* Sources */ = {
			isa = PBXGroup;
			children = (
				F11FFF0699BC038D70BB1D1D /* B_Kit_Example_App.swift */,
			);
			path = Sources;
			sourceTree = "<group>";
		};
		55BFAE6ABFB85D695DEEC508 /* Cache */ = {
			isa = PBXGroup;
			children = (
			);
			name = Cache;
			sourceTree = "<group>";
		};
		57BFCC3339B10B373BDE0CDF /* Sources */ = {
			isa = PBXGroup;
			children = (
				EF8F829F5FE813105F290A28 /* B_Kit.swift */,
			);
			path = Sources;
			sourceTree = "<group>";
		};
		5C7B0B035E525079B90E15BE /* Sources */ = {
			isa = PBXGroup;
			children = (
				9D4E38A88C20D909A326484A /* B_Production_App.swift */,
			);
			path = Sources;
			sourceTree = "<group>";
		};
		67773E222AC086AECF4F8014 /* Config */ = {
			isa = PBXGroup;
			children = (
				B4987BBCF6AC324989649C71 /* B_Production_App.entitlements */,
			);
			path = Config;
			sourceTree = "<group>";
		};
		6E140C95F3166C6A11127A46 /* B_Kit */ = {
			isa = PBXGroup;
			children = (
				57BFCC3339B10B373BDE0CDF /* Sources */,
				D4470DE4AE814203EB4EBAD3 /* Tests */,
			);
			path = B_Kit;
			sourceTree = "<group>";
		};
		7A25E15090E0BFE786D18178 /* B_Core */ = {
			isa = PBXGroup;
			children = (
				01050E16DC5B61C022698B44 /* Sources */,
				29ADF379383ECE43012C88F5 /* Tests */,
			);
			path = B_Core;
			sourceTree = "<group>";
		};
		7ECBFEE97F8D77936C786AD1 /* Products */ = {
			isa = PBXGroup;
			children = (
				9F4693B365F1BC156A3ABDC6 /* B_Core_Tests.xctest */,
				F5F5FD96C0F305C1BE113765 /* B_Core.framework */,
				5EDD621EE43902C49B8560A0 /* B_Kit_Example_App.app */,
				A065426AC2D0CD1C33591183 /* B_Kit_Tests.xctest */,
				0BF4CED848F97E01F9DCD86B /* B_Kit.framework */,
				1C58A6EF514699DE0776496E /* B_Production_App_Tests.xctest */,
				3893957069CF262AB72CEE76 /* B_Production_App.app */,
				2C7C39B8DD3D2DEF25D2F808 /* Shared_Architecture.framework */,
				98B12F97A7EB6E5AB3AC77BD /* Shared_Component_C.framework */,
				F2264E0552C0EAFF237C5491 /* Shared_Layouts.framework */,
				C838BE2440B7D5BB55C5CDBF /* Shared_Models.framework */,
			);
			name = Products;
			sourceTree = "<group>";
		};
		8D3F1075EBB071A980BC028C /* Project */ = {
			isa = PBXGroup;
			children = (
				7A25E15090E0BFE786D18178 /* B_Core */,
				6E140C95F3166C6A11127A46 /* B_Kit */,
				B0CF72A635FC3DC139C7C859 /* B_Kit_Example_App */,
				010D23ADAD9AE4A7B3142212 /* B_Production_App */,
				EC80072C82040B0CD8CA0F05 /* Derived */,
			);
			name = Project;
			sourceTree = "<group>";
		};
		B0CF72A635FC3DC139C7C859 /* B_Kit_Example_App */ = {
			isa = PBXGroup;
			children = (
				B9519AC398F883CDE7FE8EF5 /* Resources */,
				4BB376B03247474FDE5D9B4A /* Sources */,
			);
			path = B_Kit_Example_App;
			sourceTree = "<group>";
		};
		B9519AC398F883CDE7FE8EF5 /* Resources */ = {
			isa = PBXGroup;
			children = (
				CEB4BCABA9946E715406BCFC /* Assets.xcassets */,
			);
			path = Resources;
			sourceTree = "<group>";
		};
		CE6EBB1686B3EA37B2B390FB = {
			isa = PBXGroup;
			children = (
				8D3F1075EBB071A980BC028C /* Project */,
				0B6DE1483E12EEE99D34D9E1 /* Frameworks */,
				55BFAE6ABFB85D695DEEC508 /* Cache */,
				7ECBFEE97F8D77936C786AD1 /* Products */,
			);
			sourceTree = "<group>";
		};
		D207AB7D358B0980644624B8 /* Resources */ = {
			isa = PBXGroup;
			children = (
				9D15587EF590748D3648DA41 /* Assets.xcassets */,
			);
			path = Resources;
			sourceTree = "<group>";
		};
		D4470DE4AE814203EB4EBAD3 /* Tests */ = {
			isa = PBXGroup;
			children = (
				AA493BCAA1E566A9FB81E4FA /* B_Kit_Tests.swift */,
			);
			path = Tests;
			sourceTree = "<group>";
		};
		EC80072C82040B0CD8CA0F05 /* Derived */ = {
			isa = PBXGroup;
			children = (
				1842D96F357D2ADD3BCB5904 /* InfoPlists */,
				39C177CED0DED8A4EAD5E917 /* Sources */,
			);
			path = Derived;
			sourceTree = "<group>";
		};
/* End PBXGroup section */

/* Begin PBXNativeTarget section */
		3E8F8BF009ACF27D8F8826EC /* B Core */ = {
			isa = PBXNativeTarget;
			buildConfigurationList = 5C84C5CDB6BFDABDA626D2D8 /* Build configuration list for PBXNativeTarget "B Core" */;
			buildPhases = (
				682668E08256A75E7D650F57 /* Sources */,
				20FFFFB6D0159F0D28ED3866 /* Resources */,
				A8E887072563F927DBB52BBC /* Embed Frameworks */,
				DB5E951FE96B2DE04DC5CC9B /* Frameworks */,
			);
			buildRules = (
			);
			dependencies = (
			);
			name = "B Core";
			productName = B_Core;
			productReference = F5F5FD96C0F305C1BE113765 /* B_Core.framework */;
			productType = "com.apple.product-type.framework";
		};
		874C2F6981AE9A120CAAF8F5 /* B Core Tests */ = {
			isa = PBXNativeTarget;
			buildConfigurationList = BB13C4BA2E0E04D162C2D704 /* Build configuration list for PBXNativeTarget "B Core Tests" */;
			buildPhases = (
				92AAD1F5F874DA5741765406 /* Sources */,
				0A4C1A39CD65DC828700F0A3 /* Resources */,
				A523F0E37D3E3207A9FEE409 /* Embed Frameworks */,
				6496DBE433BC7751209F052F /* Frameworks */,
			);
			buildRules = (
			);
			dependencies = (
				04AE0A659963D8E21170BC16 /* PBXTargetDependency */,
			);
			name = "B Core Tests";
			productName = B_Core_Tests;
			productReference = 9F4693B365F1BC156A3ABDC6 /* B_Core_Tests.xctest */;
			productType = "com.apple.product-type.bundle.unit-test";
		};
		96920D261E11270B6ACDA03B /* B Kit Example App */ = {
			isa = PBXNativeTarget;
			buildConfigurationList = EDEE026450A8C3720ED5B141 /* Build configuration list for PBXNativeTarget "B Kit Example App" */;
			buildPhases = (
				8E563B28B3726EBBD0087C57 /* Sources */,
				3265DF1FF9D2F742C5F3A994 /* Resources */,
				ADE82040D72CE184B9EB4259 /* Embed Frameworks */,
				DF6282FE0B0BE950CAD46CA6 /* Frameworks */,
			);
			buildRules = (
			);
			dependencies = (
				DBCCE1722CD5FF29E034EE15 /* PBXTargetDependency */,
			);
			name = "B Kit Example App";
			productName = B_Kit_Example_App;
			productReference = 5EDD621EE43902C49B8560A0 /* B_Kit_Example_App.app */;
			productType = "com.apple.product-type.application";
		};
		9DBF16841539C0B47F457892 /* B Kit Tests */ = {
			isa = PBXNativeTarget;
			buildConfigurationList = 5A3DE01338B04AA66897376D /* Build configuration list for PBXNativeTarget "B Kit Tests" */;
			buildPhases = (
				27909DA4943C91D9FBEC0F37 /* Sources */,
				88C4C6CCFE768C1689BED050 /* Resources */,
				BCE4EE321AB30E4708AF43D7 /* Embed Frameworks */,
				993CEA15E3791C54D1CC5297 /* Frameworks */,
			);
			buildRules = (
			);
			dependencies = (
				8C46DB655D513EED6137BB99 /* PBXTargetDependency */,
			);
			name = "B Kit Tests";
			productName = B_Kit_Tests;
			productReference = A065426AC2D0CD1C33591183 /* B_Kit_Tests.xctest */;
			productType = "com.apple.product-type.bundle.unit-test";
		};
		C56BC4D5756EB7AC4D4659A9 /* B Kit */ = {
			isa = PBXNativeTarget;
			buildConfigurationList = A8D3A4A5A1D38608E3A19837 /* Build configuration list for PBXNativeTarget "B Kit" */;
			buildPhases = (
				F3422D9C3C428B8454E28E54 /* Sources */,
				D1D90B014A56AE62AFEA6889 /* Resources */,
				7E4FA633F198BB820E9C36BE /* Embed Frameworks */,
				EB4EDD56C17D9361BF5410CF /* Frameworks */,
			);
			buildRules = (
			);
			dependencies = (
				00683FBA19DA7171AB1433CF /* PBXTargetDependency */,
			);
			name = "B Kit";
			productName = B_Kit;
			productReference = 0BF4CED848F97E01F9DCD86B /* B_Kit.framework */;
			productType = "com.apple.product-type.framework";
		};
		CE1A30E1208F06C3EB94458F /* B Production App */ = {
			isa = PBXNativeTarget;
			buildConfigurationList = E7435457A4AF937E680F01B0 /* Build configuration list for PBXNativeTarget "B Production App" */;
			buildPhases = (
				22A32F0B3FA2E3D350DF4712 /* Sources */,
				FE89F1755BBF1BDF91E24FFA /* Resources */,
				7D5CB6C620557D8B208878F9 /* Embed Frameworks */,
				9F3D2E594BE808431C8A0DFE /* Frameworks */,
			);
			buildRules = (
			);
			dependencies = (
				EA119FB1BDD6B373D23B8473 /* PBXTargetDependency */,
			);
			name = "B Production App";
			productName = B_Production_App;
			productReference = 3893957069CF262AB72CEE76 /* B_Production_App.app */;
			productType = "com.apple.product-type.application";
		};
		D6078D14CA8B00C6B79AC92F /* B Production App Tests */ = {
			isa = PBXNativeTarget;
			buildConfigurationList = 2BD1FDB3C7E17DD15B770AE8 /* Build configuration list for PBXNativeTarget "B Production App Tests" */;
			buildPhases = (
				7A6D189E04E26D7287181173 /* Sources */,
				3F3E29C5826839E3106544FF /* Resources */,
				6BD83314302A521B427E0D2D /* Embed Frameworks */,
				706D8B7014AF46570EAB07AA /* Frameworks */,
			);
			buildRules = (
			);
			dependencies = (
				2FAEC9C8367126AEB5ADE35A /* PBXTargetDependency */,
			);
			name = "B Production App Tests";
			productName = B_Production_App_Tests;
			productReference = 1C58A6EF514699DE0776496E /* B_Production_App_Tests.xctest */;
			productType = "com.apple.product-type.bundle.unit-test";
		};
/* End PBXNativeTarget section */

/* Begin PBXProject section */
		3AB5F3AD9B4480D4B9B0CE64 /* Project object */ = {
			isa = PBXProject;
			attributes = {
				BuildIndependentTargetsInParallel = YES;
				TargetAttributes = {
					D6078D14CA8B00C6B79AC92F = {
						TestTargetID = CE1A30E1208F06C3EB94458F;
					};
				};
			};
			buildConfigurationList = 9D90056E2B39599C1F904504 /* Build configuration list for PBXProject "B" */;
			compatibilityVersion = "Xcode 14.0";
			developmentRegion = en;
			hasScannedForEncodings = 0;
			knownRegions = (
				Base,
				en,
			);
			mainGroup = CE6EBB1686B3EA37B2B390FB;
			productRefGroup = 7ECBFEE97F8D77936C786AD1 /* Products */;
			projectDirPath = "";
			projectRoot = "";
			targets = (
				CE1A30E1208F06C3EB94458F /* B Production App */,
				D6078D14CA8B00C6B79AC92F /* B Production App Tests */,
				3E8F8BF009ACF27D8F8826EC /* B Core */,
				874C2F6981AE9A120CAAF8F5 /* B Core Tests */,
				C56BC4D5756EB7AC4D4659A9 /* B Kit */,
				96920D261E11270B6ACDA03B /* B Kit Example App */,
				9DBF16841539C0B47F457892 /* B Kit Tests */,
			);
		};
/* End PBXProject section */

/* Begin PBXResourcesBuildPhase section */
		0A4C1A39CD65DC828700F0A3 /* Resources */ = {
			isa = PBXResourcesBuildPhase;
			buildActionMask = 2147483647;
			files = (
			);
			runOnlyForDeploymentPostprocessing = 0;
		};
		20FFFFB6D0159F0D28ED3866 /* Resources */ = {
			isa = PBXResourcesBuildPhase;
			buildActionMask = 2147483647;
			files = (
			);
			runOnlyForDeploymentPostprocessing = 0;
		};
		3265DF1FF9D2F742C5F3A994 /* Resources */ = {
			isa = PBXResourcesBuildPhase;
			buildActionMask = 2147483647;
			files = (
				3661FBE8FF2AD3DE900824A0 /* Assets.xcassets in Resources */,
			);
			runOnlyForDeploymentPostprocessing = 0;
		};
		3F3E29C5826839E3106544FF /* Resources */ = {
			isa = PBXResourcesBuildPhase;
			buildActionMask = 2147483647;
			files = (
			);
			runOnlyForDeploymentPostprocessing = 0;
		};
		88C4C6CCFE768C1689BED050 /* Resources */ = {
			isa = PBXResourcesBuildPhase;
			buildActionMask = 2147483647;
			files = (
			);
			runOnlyForDeploymentPostprocessing = 0;
		};
		D1D90B014A56AE62AFEA6889 /* Resources */ = {
			isa = PBXResourcesBuildPhase;
			buildActionMask = 2147483647;
			files = (
			);
			runOnlyForDeploymentPostprocessing = 0;
		};
		FE89F1755BBF1BDF91E24FFA /* Resources */ = {
			isa = PBXResourcesBuildPhase;
			buildActionMask = 2147483647;
			files = (
				6B7C9C33220A99007A098C70 /* Assets.xcassets in Resources */,
			);
			runOnlyForDeploymentPostprocessing = 0;
		};
/* End PBXResourcesBuildPhase section */

/* Begin PBXSourcesBuildPhase section */
		22A32F0B3FA2E3D350DF4712 /* Sources */ = {
			isa = PBXSourcesBuildPhase;
			buildActionMask = 2147483647;
			files = (
				CCCC25EDD6BC2483DF497D20 /* B_Production_App.swift in Sources */,
				25C3F4C5FD48BA09D2AE5F8E /* TuistAssets+BProductionApp.swift in Sources */,
				A42417826DEAB30A8ACE7813 /* TuistBundle+BProductionApp.swift in Sources */,
			);
			runOnlyForDeploymentPostprocessing = 0;
		};
		27909DA4943C91D9FBEC0F37 /* Sources */ = {
			isa = PBXSourcesBuildPhase;
			buildActionMask = 2147483647;
			files = (
				6FE28EE18B3B4CF4F0C2A4CC /* B_Kit_Tests.swift in Sources */,
			);
			runOnlyForDeploymentPostprocessing = 0;
		};
		682668E08256A75E7D650F57 /* Sources */ = {
			isa = PBXSourcesBuildPhase;
			buildActionMask = 2147483647;
			files = (
				AF363D83AAB5C291CFAFD69F /* ColorStyles.swift in Sources */,
				E798C4543D093EBA1612C839 /* FontStyles.swift in Sources */,
			);
			runOnlyForDeploymentPostprocessing = 0;
		};
		7A6D189E04E26D7287181173 /* Sources */ = {
			isa = PBXSourcesBuildPhase;
			buildActionMask = 2147483647;
			files = (
				58EE7DC30619F2CC5F9F2A83 /* B_Production_App_Tests.swift in Sources */,
			);
			runOnlyForDeploymentPostprocessing = 0;
		};
		8E563B28B3726EBBD0087C57 /* Sources */ = {
			isa = PBXSourcesBuildPhase;
			buildActionMask = 2147483647;
			files = (
				E8BD2A6DD097CEDBE1483C75 /* B_Kit_Example_App.swift in Sources */,
				6F840E790E59C019DB5DBDD2 /* TuistAssets+BKitExampleApp.swift in Sources */,
				088677756CD3A487613A2E2E /* TuistBundle+BKitExampleApp.swift in Sources */,
			);
			runOnlyForDeploymentPostprocessing = 0;
		};
		92AAD1F5F874DA5741765406 /* Sources */ = {
			isa = PBXSourcesBuildPhase;
			buildActionMask = 2147483647;
			files = (
				90FEED2F09D95D66A90483A4 /* A_Core_Tests.swift in Sources */,
			);
			runOnlyForDeploymentPostprocessing = 0;
		};
		F3422D9C3C428B8454E28E54 /* Sources */ = {
			isa = PBXSourcesBuildPhase;
			buildActionMask = 2147483647;
			files = (
				E79A28FEACE88076039F2F83 /* B_Kit.swift in Sources */,
			);
			runOnlyForDeploymentPostprocessing = 0;
		};
/* End PBXSourcesBuildPhase section */

/* Begin PBXTargetDependency section */
		00683FBA19DA7171AB1433CF /* PBXTargetDependency */ = {
			isa = PBXTargetDependency;
			name = "B Core";
			target = 3E8F8BF009ACF27D8F8826EC /* B Core */;
			targetProxy = 936E54BC384DE464D35F908C /* PBXContainerItemProxy */;
		};
		04AE0A659963D8E21170BC16 /* PBXTargetDependency */ = {
			isa = PBXTargetDependency;
			name = "B Core";
			target = 3E8F8BF009ACF27D8F8826EC /* B Core */;
			targetProxy = 9496AD1AAE424CE2A237FB64 /* PBXContainerItemProxy */;
		};
		2FAEC9C8367126AEB5ADE35A /* PBXTargetDependency */ = {
			isa = PBXTargetDependency;
			name = "B Production App";
			target = CE1A30E1208F06C3EB94458F /* B Production App */;
			targetProxy = A9B256516AF2CFA1E7ADCC03 /* PBXContainerItemProxy */;
		};
		8C46DB655D513EED6137BB99 /* PBXTargetDependency */ = {
			isa = PBXTargetDependency;
			name = "B Kit";
			target = C56BC4D5756EB7AC4D4659A9 /* B Kit */;
			targetProxy = 39858996D556FF5BC169E858 /* PBXContainerItemProxy */;
		};
		DBCCE1722CD5FF29E034EE15 /* PBXTargetDependency */ = {
			isa = PBXTargetDependency;
			name = "B Kit";
			target = C56BC4D5756EB7AC4D4659A9 /* B Kit */;
			targetProxy = B249D071B966546C70BD3D62 /* PBXContainerItemProxy */;
		};
		EA119FB1BDD6B373D23B8473 /* PBXTargetDependency */ = {
			isa = PBXTargetDependency;
			name = "B Core";
			target = 3E8F8BF009ACF27D8F8826EC /* B Core */;
			targetProxy = 34762592E2191EEF8CDA4217 /* PBXContainerItemProxy */;
		};
/* End PBXTargetDependency section */

/* Begin XCBuildConfiguration section */
		0A3F4033879FF33AB87E2DDB /* Debug */ = {
			isa = XCBuildConfiguration;
			buildSettings = {
				BUNDLE_LOADER = "$(TEST_HOST)";
				CODE_SIGN_IDENTITY = "iPhone Developer";
				ENABLE_MODULE_VERIFIER = YES;
				ENABLE_USER_SCRIPT_SANDBOXING = YES;
				INFOPLIST_FILE = "Derived/InfoPlists/B Production App Tests-Info.plist";
				IPHONEOS_DEPLOYMENT_TARGET = 17.0;
				LD_RUNPATH_SEARCH_PATHS = (
					"$(inherited)",
					"@executable_path/Frameworks",
					"@loader_path/Frameworks",
				);
				MODULE_VERIFIER_SUPPORTED_LANGUAGE_STANDARDS = "gnu11 gnu++14";
				OTHER_SWIFT_FLAGS = (
					"-load-plugin-executable",
					"/Users/josephgoodrick/.cache/tuist-cloud/BinaryCache/df984cebd7b10ed2724a8517ad969225/ComposableArchitectureMacros.macro#ComposableArchitectureMacros",
					"-load-plugin-executable",
					"/Users/josephgoodrick/.cache/tuist-cloud/BinaryCache/190174a16bbe6f0103327226c8053f6b/PerceptionMacros.macro#PerceptionMacros",
					"-load-plugin-executable",
					"/Users/josephgoodrick/.cache/tuist-cloud/BinaryCache/81fb22ee2e7d7aa6128ca3cf7034fbf7/DependenciesMacrosPlugin.macro#DependenciesMacrosPlugin",
					"-load-plugin-executable",
					"/Users/josephgoodrick/.cache/tuist-cloud/BinaryCache/d39e4a2c8331bc7eedab3b27aff2e89c/CasePathsMacros.macro#CasePathsMacros",
				);
				PRODUCT_BUNDLE_IDENTIFIER = com.minimal.repro.B.Production.App.Tests;
				PRODUCT_NAME = B_Production_App_Tests;
				SDKROOT = iphoneos;
				SUPPORTS_MACCATALYST = NO;
				SUPPORTS_MAC_DESIGNED_FOR_IPHONE_IPAD = YES;
				SUPPORTS_XR_DESIGNED_FOR_IPHONE_IPAD = NO;
				SWIFT_ACTIVE_COMPILATION_CONDITIONS = (
					"$(inherited)",
					DEBUG,
				);
				SWIFT_COMPILATION_MODE = singlefile;
				SWIFT_OPTIMIZATION_LEVEL = "-Onone";
				SWIFT_VERSION = 5.0;
				TARGETED_DEVICE_FAMILY = "1,2";
				TEST_HOST = "$(BUILT_PRODUCTS_DIR)/B_Production_App.app/$(BUNDLE_EXECUTABLE_FOLDER_PATH)/B_Production_App";
				TEST_TARGET_NAME = "B Production App";
			};
			name = Debug;
		};
		230ABCC444652EF5D4A4D8BE /* Debug */ = {
			isa = XCBuildConfiguration;
			buildSettings = {
				ASSETCATALOG_COMPILER_APPICON_NAME = AppIcon;
				CODE_SIGN_IDENTITY = "iPhone Developer";
				CURRENT_PROJECT_VERSION = 1;
				ENABLE_PREVIEWS = YES;
				INFOPLIST_FILE = "Derived/InfoPlists/B Kit Example App-Info.plist";
				IPHONEOS_DEPLOYMENT_TARGET = 17.0;
				LD_RUNPATH_SEARCH_PATHS = (
					"$(inherited)",
					"@executable_path/Frameworks",
				);
				MARKETING_VERSION = 1.0.0;
				OTHER_SWIFT_FLAGS = (
					"-load-plugin-executable",
					"/Users/josephgoodrick/.cache/tuist-cloud/BinaryCache/d39e4a2c8331bc7eedab3b27aff2e89c/CasePathsMacros.macro#CasePathsMacros",
					"-load-plugin-executable",
					"/Users/josephgoodrick/.cache/tuist-cloud/BinaryCache/81fb22ee2e7d7aa6128ca3cf7034fbf7/DependenciesMacrosPlugin.macro#DependenciesMacrosPlugin",
					"-load-plugin-executable",
					"/Users/josephgoodrick/.cache/tuist-cloud/BinaryCache/df984cebd7b10ed2724a8517ad969225/ComposableArchitectureMacros.macro#ComposableArchitectureMacros",
					"-load-plugin-executable",
					"/Users/josephgoodrick/.cache/tuist-cloud/BinaryCache/190174a16bbe6f0103327226c8053f6b/PerceptionMacros.macro#PerceptionMacros",
				);
				PRODUCT_BUNDLE_IDENTIFIER = com.minimal.repro.B.Kit.Example.App;
				PRODUCT_NAME = B_Kit_Example_App;
				SDKROOT = iphoneos;
				SUPPORTS_MACCATALYST = NO;
				SUPPORTS_MAC_DESIGNED_FOR_IPHONE_IPAD = YES;
				SUPPORTS_XR_DESIGNED_FOR_IPHONE_IPAD = NO;
				SWIFT_ACTIVE_COMPILATION_CONDITIONS = (
					"$(inherited)",
					DEBUG,
				);
				SWIFT_COMPILATION_MODE = singlefile;
				SWIFT_OPTIMIZATION_LEVEL = "-Onone";
				SWIFT_VERSION = 5.0;
				TARGETED_DEVICE_FAMILY = "1,2";
			};
			name = Debug;
		};
		29E85F26C6DB7E8C1ECE23FC /* Release */ = {
			isa = XCBuildConfiguration;
			buildSettings = {
				ASSETCATALOG_COMPILER_APPICON_NAME = AppIcon;
				CODE_SIGN_ENTITLEMENTS = B_Production_App/Config/B_Production_App.entitlements;
				CODE_SIGN_IDENTITY = "iPhone Developer";
				CURRENT_PROJECT_VERSION = 1;
				ENABLE_PREVIEWS = YES;
				INFOPLIST_FILE = "Derived/InfoPlists/B Production App-Info.plist";
				IPHONEOS_DEPLOYMENT_TARGET = 17.0;
				LD_RUNPATH_SEARCH_PATHS = (
					"$(inherited)",
					"@executable_path/Frameworks",
				);
				MARKETING_VERSION = 1.0.0;
				OTHER_SWIFT_FLAGS = (
					"-load-plugin-executable",
					"/Users/josephgoodrick/.cache/tuist-cloud/BinaryCache/190174a16bbe6f0103327226c8053f6b/PerceptionMacros.macro#PerceptionMacros",
					"-load-plugin-executable",
					"/Users/josephgoodrick/.cache/tuist-cloud/BinaryCache/d39e4a2c8331bc7eedab3b27aff2e89c/CasePathsMacros.macro#CasePathsMacros",
					"-load-plugin-executable",
					"/Users/josephgoodrick/.cache/tuist-cloud/BinaryCache/df984cebd7b10ed2724a8517ad969225/ComposableArchitectureMacros.macro#ComposableArchitectureMacros",
					"-load-plugin-executable",
					"/Users/josephgoodrick/.cache/tuist-cloud/BinaryCache/81fb22ee2e7d7aa6128ca3cf7034fbf7/DependenciesMacrosPlugin.macro#DependenciesMacrosPlugin",
				);
				PRODUCT_BUNDLE_IDENTIFIER = com.minimal.repro.B.Production.App;
				PRODUCT_NAME = B_Production_App;
				SDKROOT = iphoneos;
				SUPPORTS_MACCATALYST = NO;
				SUPPORTS_MAC_DESIGNED_FOR_IPHONE_IPAD = YES;
				SUPPORTS_XR_DESIGNED_FOR_IPHONE_IPAD = NO;
				SWIFT_COMPILATION_MODE = wholemodule;
				SWIFT_OPTIMIZATION_LEVEL = "-Owholemodule";
				SWIFT_VERSION = 5.0;
				TARGETED_DEVICE_FAMILY = "1,2";
			};
			name = Release;
		};
		2FEE14C9901A54ACDD810BBF /* Release */ = {
			isa = XCBuildConfiguration;
			buildSettings = {
				ALWAYS_SEARCH_USER_PATHS = NO;
				CLANG_ANALYZER_LOCALIZABILITY_NONLOCALIZED = YES;
				CLANG_ANALYZER_NONNULL = YES;
				CLANG_ANALYZER_NUMBER_OBJECT_CONVERSION = YES_AGGRESSIVE;
				CLANG_CXX_LANGUAGE_STANDARD = "gnu++14";
				CLANG_CXX_LIBRARY = "libc++";
				CLANG_ENABLE_MODULES = YES;
				CLANG_ENABLE_OBJC_ARC = YES;
				CLANG_ENABLE_OBJC_WEAK = YES;
				CLANG_WARN_BLOCK_CAPTURE_AUTORELEASING = YES;
				CLANG_WARN_BOOL_CONVERSION = YES;
				CLANG_WARN_COMMA = YES;
				CLANG_WARN_CONSTANT_CONVERSION = YES;
				CLANG_WARN_DEPRECATED_OBJC_IMPLEMENTATIONS = YES;
				CLANG_WARN_DIRECT_OBJC_ISA_USAGE = YES_ERROR;
				CLANG_WARN_DOCUMENTATION_COMMENTS = YES;
				CLANG_WARN_EMPTY_BODY = YES;
				CLANG_WARN_ENUM_CONVERSION = YES;
				CLANG_WARN_INFINITE_RECURSION = YES;
				CLANG_WARN_INT_CONVERSION = YES;
				CLANG_WARN_NON_LITERAL_NULL_CONVERSION = YES;
				CLANG_WARN_OBJC_IMPLICIT_RETAIN_SELF = YES;
				CLANG_WARN_OBJC_LITERAL_CONVERSION = YES;
				CLANG_WARN_OBJC_ROOT_CLASS = YES_ERROR;
				CLANG_WARN_QUOTED_INCLUDE_IN_FRAMEWORK_HEADER = YES;
				CLANG_WARN_RANGE_LOOP_ANALYSIS = YES;
				CLANG_WARN_STRICT_PROTOTYPES = YES;
				CLANG_WARN_SUSPICIOUS_MOVE = YES;
				CLANG_WARN_UNGUARDED_AVAILABILITY = YES_AGGRESSIVE;
				CLANG_WARN_UNREACHABLE_CODE = YES;
				CLANG_WARN__DUPLICATE_METHOD_MATCH = YES;
				COPY_PHASE_STRIP = NO;
				DEAD_CODE_STRIPPING = YES;
				DEBUG_INFORMATION_FORMAT = "dwarf-with-dsym";
				ENABLE_NS_ASSERTIONS = NO;
				ENABLE_STRICT_OBJC_MSGSEND = YES;
				GCC_C_LANGUAGE_STANDARD = gnu11;
				GCC_NO_COMMON_BLOCKS = YES;
				GCC_WARN_64_TO_32_BIT_CONVERSION = YES;
				GCC_WARN_ABOUT_RETURN_TYPE = YES_ERROR;
				GCC_WARN_UNDECLARED_SELECTOR = YES;
				GCC_WARN_UNINITIALIZED_AUTOS = YES_AGGRESSIVE;
				GCC_WARN_UNUSED_FUNCTION = YES;
				GCC_WARN_UNUSED_VARIABLE = YES;
				MTL_ENABLE_DEBUG_INFO = NO;
				PRODUCT_NAME = "$(TARGET_NAME)";
				VALIDATE_PRODUCT = YES;
			};
			name = Release;
		};
		36485DBEC097AD7A04AF340F /* Debug */ = {
			isa = XCBuildConfiguration;
			buildSettings = {
				CODE_SIGN_IDENTITY = "iPhone Developer";
				ENABLE_MODULE_VERIFIER = YES;
				ENABLE_USER_SCRIPT_SANDBOXING = YES;
				INFOPLIST_FILE = "Derived/InfoPlists/B Kit Tests-Info.plist";
				IPHONEOS_DEPLOYMENT_TARGET = 17.0;
				LD_RUNPATH_SEARCH_PATHS = (
					"$(inherited)",
					"@executable_path/Frameworks",
					"@loader_path/Frameworks",
				);
				MODULE_VERIFIER_SUPPORTED_LANGUAGE_STANDARDS = "gnu11 gnu++14";
				OTHER_SWIFT_FLAGS = (
					"-load-plugin-executable",
					"/Users/josephgoodrick/.cache/tuist-cloud/BinaryCache/df984cebd7b10ed2724a8517ad969225/ComposableArchitectureMacros.macro#ComposableArchitectureMacros",
					"-load-plugin-executable",
					"/Users/josephgoodrick/.cache/tuist-cloud/BinaryCache/d39e4a2c8331bc7eedab3b27aff2e89c/CasePathsMacros.macro#CasePathsMacros",
					"-load-plugin-executable",
					"/Users/josephgoodrick/.cache/tuist-cloud/BinaryCache/81fb22ee2e7d7aa6128ca3cf7034fbf7/DependenciesMacrosPlugin.macro#DependenciesMacrosPlugin",
					"-load-plugin-executable",
					"/Users/josephgoodrick/.cache/tuist-cloud/BinaryCache/190174a16bbe6f0103327226c8053f6b/PerceptionMacros.macro#PerceptionMacros",
				);
				PRODUCT_BUNDLE_IDENTIFIER = com.minimal.repro.B.Kit.Tests;
				PRODUCT_NAME = B_Kit_Tests;
				SDKROOT = iphoneos;
				SUPPORTS_MACCATALYST = NO;
				SUPPORTS_MAC_DESIGNED_FOR_IPHONE_IPAD = YES;
				SUPPORTS_XR_DESIGNED_FOR_IPHONE_IPAD = NO;
				SWIFT_ACTIVE_COMPILATION_CONDITIONS = (
					"$(inherited)",
					DEBUG,
				);
				SWIFT_COMPILATION_MODE = singlefile;
				SWIFT_OPTIMIZATION_LEVEL = "-Onone";
				SWIFT_VERSION = 5.0;
				TARGETED_DEVICE_FAMILY = "1,2";
			};
			name = Debug;
		};
		37BC00BFF8DF053BEEBC4D3D /* Release */ = {
			isa = XCBuildConfiguration;
			buildSettings = {
				CODE_SIGN_IDENTITY = "iPhone Developer";
				ENABLE_MODULE_VERIFIER = YES;
				ENABLE_USER_SCRIPT_SANDBOXING = YES;
				INFOPLIST_FILE = "Derived/InfoPlists/B Kit Tests-Info.plist";
				IPHONEOS_DEPLOYMENT_TARGET = 17.0;
				LD_RUNPATH_SEARCH_PATHS = (
					"$(inherited)",
					"@executable_path/Frameworks",
					"@loader_path/Frameworks",
				);
				MODULE_VERIFIER_SUPPORTED_LANGUAGE_STANDARDS = "gnu11 gnu++14";
				OTHER_SWIFT_FLAGS = (
					"-load-plugin-executable",
					"/Users/josephgoodrick/.cache/tuist-cloud/BinaryCache/df984cebd7b10ed2724a8517ad969225/ComposableArchitectureMacros.macro#ComposableArchitectureMacros",
					"-load-plugin-executable",
					"/Users/josephgoodrick/.cache/tuist-cloud/BinaryCache/81fb22ee2e7d7aa6128ca3cf7034fbf7/DependenciesMacrosPlugin.macro#DependenciesMacrosPlugin",
					"-load-plugin-executable",
					"/Users/josephgoodrick/.cache/tuist-cloud/BinaryCache/d39e4a2c8331bc7eedab3b27aff2e89c/CasePathsMacros.macro#CasePathsMacros",
					"-load-plugin-executable",
					"/Users/josephgoodrick/.cache/tuist-cloud/BinaryCache/190174a16bbe6f0103327226c8053f6b/PerceptionMacros.macro#PerceptionMacros",
				);
				PRODUCT_BUNDLE_IDENTIFIER = com.minimal.repro.B.Kit.Tests;
				PRODUCT_NAME = B_Kit_Tests;
				SDKROOT = iphoneos;
				SUPPORTS_MACCATALYST = NO;
				SUPPORTS_MAC_DESIGNED_FOR_IPHONE_IPAD = YES;
				SUPPORTS_XR_DESIGNED_FOR_IPHONE_IPAD = NO;
				SWIFT_COMPILATION_MODE = wholemodule;
				SWIFT_OPTIMIZATION_LEVEL = "-Owholemodule";
				SWIFT_VERSION = 5.0;
				TARGETED_DEVICE_FAMILY = "1,2";
			};
			name = Release;
		};
		51F154360325106EBDCBFEC0 /* Release */ = {
			isa = XCBuildConfiguration;
			buildSettings = {
				BUILD_LIBRARY_FOR_DISTRIBUTION = YES;
				CODE_SIGN_IDENTITY = "";
				CURRENT_PROJECT_VERSION = 1;
				DEFINES_MODULE = YES;
				DYLIB_COMPATIBILITY_VERSION = 1;
				DYLIB_CURRENT_VERSION = 1;
				DYLIB_INSTALL_NAME_BASE = "@rpath";
				ENABLE_PREVIEWS = YES;
				ENABLE_USER_SCRIPT_SANDBOXING = NO;
				INFOPLIST_FILE = "Derived/InfoPlists/B Kit-Info.plist";
				INSTALL_PATH = "$(LOCAL_LIBRARY_DIR)/Frameworks";
				IPHONEOS_DEPLOYMENT_TARGET = 17.0;
				LD_RUNPATH_SEARCH_PATHS = (
					"$(inherited)",
					"@executable_path/Frameworks",
					"@loader_path/Frameworks",
				);
				MARKETING_VERSION = 1.0.0;
				OTHER_SWIFT_FLAGS = (
					"-load-plugin-executable",
					"/Users/josephgoodrick/.cache/tuist-cloud/BinaryCache/190174a16bbe6f0103327226c8053f6b/PerceptionMacros.macro#PerceptionMacros",
					"-load-plugin-executable",
					"/Users/josephgoodrick/.cache/tuist-cloud/BinaryCache/d39e4a2c8331bc7eedab3b27aff2e89c/CasePathsMacros.macro#CasePathsMacros",
					"-load-plugin-executable",
					"/Users/josephgoodrick/.cache/tuist-cloud/BinaryCache/81fb22ee2e7d7aa6128ca3cf7034fbf7/DependenciesMacrosPlugin.macro#DependenciesMacrosPlugin",
					"-load-plugin-executable",
					"/Users/josephgoodrick/.cache/tuist-cloud/BinaryCache/df984cebd7b10ed2724a8517ad969225/ComposableArchitectureMacros.macro#ComposableArchitectureMacros",
				);
				PRODUCT_BUNDLE_IDENTIFIER = com.minimal.repro.B.Kit;
				PRODUCT_NAME = B_Kit;
				SDKROOT = iphoneos;
				SKIP_INSTALL = NO;
				SUPPORTS_MACCATALYST = NO;
				SUPPORTS_MAC_DESIGNED_FOR_IPHONE_IPAD = YES;
				SUPPORTS_XR_DESIGNED_FOR_IPHONE_IPAD = NO;
				SWIFT_COMPILATION_MODE = wholemodule;
				SWIFT_OPTIMIZATION_LEVEL = "-Owholemodule";
				SWIFT_VERSION = 5.0;
				TARGETED_DEVICE_FAMILY = "1,2";
				VERSIONING_SYSTEM = "apple-generic";
				VERSION_INFO_PREFIX = "";
			};
			name = Release;
		};
		A1B2A8EF44FC9433E6E8F2E9 /* Debug */ = {
			isa = XCBuildConfiguration;
			buildSettings = {
				ALWAYS_SEARCH_USER_PATHS = NO;
				CLANG_ANALYZER_LOCALIZABILITY_NONLOCALIZED = YES;
				CLANG_ANALYZER_NONNULL = YES;
				CLANG_ANALYZER_NUMBER_OBJECT_CONVERSION = YES_AGGRESSIVE;
				CLANG_CXX_LANGUAGE_STANDARD = "gnu++14";
				CLANG_CXX_LIBRARY = "libc++";
				CLANG_ENABLE_MODULES = YES;
				CLANG_ENABLE_OBJC_ARC = YES;
				CLANG_ENABLE_OBJC_WEAK = YES;
				CLANG_WARN_BLOCK_CAPTURE_AUTORELEASING = YES;
				CLANG_WARN_BOOL_CONVERSION = YES;
				CLANG_WARN_COMMA = YES;
				CLANG_WARN_CONSTANT_CONVERSION = YES;
				CLANG_WARN_DEPRECATED_OBJC_IMPLEMENTATIONS = YES;
				CLANG_WARN_DIRECT_OBJC_ISA_USAGE = YES_ERROR;
				CLANG_WARN_DOCUMENTATION_COMMENTS = YES;
				CLANG_WARN_EMPTY_BODY = YES;
				CLANG_WARN_ENUM_CONVERSION = YES;
				CLANG_WARN_INFINITE_RECURSION = YES;
				CLANG_WARN_INT_CONVERSION = YES;
				CLANG_WARN_NON_LITERAL_NULL_CONVERSION = YES;
				CLANG_WARN_OBJC_IMPLICIT_RETAIN_SELF = YES;
				CLANG_WARN_OBJC_LITERAL_CONVERSION = YES;
				CLANG_WARN_OBJC_ROOT_CLASS = YES_ERROR;
				CLANG_WARN_QUOTED_INCLUDE_IN_FRAMEWORK_HEADER = YES;
				CLANG_WARN_RANGE_LOOP_ANALYSIS = YES;
				CLANG_WARN_STRICT_PROTOTYPES = YES;
				CLANG_WARN_SUSPICIOUS_MOVE = YES;
				CLANG_WARN_UNGUARDED_AVAILABILITY = YES_AGGRESSIVE;
				CLANG_WARN_UNREACHABLE_CODE = YES;
				CLANG_WARN__DUPLICATE_METHOD_MATCH = YES;
				COPY_PHASE_STRIP = NO;
				DEAD_CODE_STRIPPING = YES;
				DEBUG_INFORMATION_FORMAT = dwarf;
				ENABLE_STRICT_OBJC_MSGSEND = YES;
				ENABLE_TESTABILITY = YES;
				GCC_C_LANGUAGE_STANDARD = gnu11;
				GCC_DYNAMIC_NO_PIC = NO;
				GCC_NO_COMMON_BLOCKS = YES;
				GCC_OPTIMIZATION_LEVEL = 0;
				GCC_PREPROCESSOR_DEFINITIONS = (
					"DEBUG=1",
					"$(inherited)",
				);
				GCC_WARN_64_TO_32_BIT_CONVERSION = YES;
				GCC_WARN_ABOUT_RETURN_TYPE = YES_ERROR;
				GCC_WARN_UNDECLARED_SELECTOR = YES;
				GCC_WARN_UNINITIALIZED_AUTOS = YES_AGGRESSIVE;
				GCC_WARN_UNUSED_FUNCTION = YES;
				GCC_WARN_UNUSED_VARIABLE = YES;
				MTL_ENABLE_DEBUG_INFO = YES;
				ONLY_ACTIVE_ARCH = YES;
				PRODUCT_NAME = "$(TARGET_NAME)";
			};
			name = Debug;
		};
		B62D5F8EE7948212F8E2D6AF /* Debug */ = {
			isa = XCBuildConfiguration;
			buildSettings = {
				CODE_SIGN_IDENTITY = "iPhone Developer";
				ENABLE_MODULE_VERIFIER = YES;
				ENABLE_USER_SCRIPT_SANDBOXING = YES;
				INFOPLIST_FILE = "Derived/InfoPlists/B Core Tests-Info.plist";
				IPHONEOS_DEPLOYMENT_TARGET = 17.0;
				LD_RUNPATH_SEARCH_PATHS = (
					"$(inherited)",
					"@executable_path/Frameworks",
					"@loader_path/Frameworks",
				);
				MODULE_VERIFIER_SUPPORTED_LANGUAGE_STANDARDS = "gnu11 gnu++14";
				OTHER_SWIFT_FLAGS = (
					"-load-plugin-executable",
					"/Users/josephgoodrick/.cache/tuist-cloud/BinaryCache/190174a16bbe6f0103327226c8053f6b/PerceptionMacros.macro#PerceptionMacros",
					"-load-plugin-executable",
					"/Users/josephgoodrick/.cache/tuist-cloud/BinaryCache/d39e4a2c8331bc7eedab3b27aff2e89c/CasePathsMacros.macro#CasePathsMacros",
					"-load-plugin-executable",
					"/Users/josephgoodrick/.cache/tuist-cloud/BinaryCache/df984cebd7b10ed2724a8517ad969225/ComposableArchitectureMacros.macro#ComposableArchitectureMacros",
					"-load-plugin-executable",
					"/Users/josephgoodrick/.cache/tuist-cloud/BinaryCache/81fb22ee2e7d7aa6128ca3cf7034fbf7/DependenciesMacrosPlugin.macro#DependenciesMacrosPlugin",
				);
				PRODUCT_BUNDLE_IDENTIFIER = com.minimal.repro.B.Core.Tests;
				PRODUCT_NAME = B_Core_Tests;
				SDKROOT = iphoneos;
				SUPPORTS_MACCATALYST = NO;
				SUPPORTS_MAC_DESIGNED_FOR_IPHONE_IPAD = YES;
				SUPPORTS_XR_DESIGNED_FOR_IPHONE_IPAD = NO;
				SWIFT_ACTIVE_COMPILATION_CONDITIONS = (
					"$(inherited)",
					DEBUG,
				);
				SWIFT_COMPILATION_MODE = singlefile;
				SWIFT_OPTIMIZATION_LEVEL = "-Onone";
				SWIFT_VERSION = 5.0;
				TARGETED_DEVICE_FAMILY = "1,2";
			};
			name = Debug;
		};
		B8F4034704E7A0B0F8D39DDE /* Release */ = {
			isa = XCBuildConfiguration;
			buildSettings = {
				ASSETCATALOG_COMPILER_APPICON_NAME = AppIcon;
				CODE_SIGN_IDENTITY = "iPhone Developer";
				CURRENT_PROJECT_VERSION = 1;
				ENABLE_PREVIEWS = YES;
				INFOPLIST_FILE = "Derived/InfoPlists/B Kit Example App-Info.plist";
				IPHONEOS_DEPLOYMENT_TARGET = 17.0;
				LD_RUNPATH_SEARCH_PATHS = (
					"$(inherited)",
					"@executable_path/Frameworks",
				);
				MARKETING_VERSION = 1.0.0;
				OTHER_SWIFT_FLAGS = (
					"-load-plugin-executable",
					"/Users/josephgoodrick/.cache/tuist-cloud/BinaryCache/d39e4a2c8331bc7eedab3b27aff2e89c/CasePathsMacros.macro#CasePathsMacros",
					"-load-plugin-executable",
					"/Users/josephgoodrick/.cache/tuist-cloud/BinaryCache/df984cebd7b10ed2724a8517ad969225/ComposableArchitectureMacros.macro#ComposableArchitectureMacros",
					"-load-plugin-executable",
					"/Users/josephgoodrick/.cache/tuist-cloud/BinaryCache/190174a16bbe6f0103327226c8053f6b/PerceptionMacros.macro#PerceptionMacros",
					"-load-plugin-executable",
					"/Users/josephgoodrick/.cache/tuist-cloud/BinaryCache/81fb22ee2e7d7aa6128ca3cf7034fbf7/DependenciesMacrosPlugin.macro#DependenciesMacrosPlugin",
				);
				PRODUCT_BUNDLE_IDENTIFIER = com.minimal.repro.B.Kit.Example.App;
				PRODUCT_NAME = B_Kit_Example_App;
				SDKROOT = iphoneos;
				SUPPORTS_MACCATALYST = NO;
				SUPPORTS_MAC_DESIGNED_FOR_IPHONE_IPAD = YES;
				SUPPORTS_XR_DESIGNED_FOR_IPHONE_IPAD = NO;
				SWIFT_COMPILATION_MODE = wholemodule;
				SWIFT_OPTIMIZATION_LEVEL = "-Owholemodule";
				SWIFT_VERSION = 5.0;
				TARGETED_DEVICE_FAMILY = "1,2";
			};
			name = Release;
		};
		BBFF8BA45F6BD58079F38CBB /* Debug */ = {
			isa = XCBuildConfiguration;
			buildSettings = {
				ASSETCATALOG_COMPILER_APPICON_NAME = AppIcon;
				CODE_SIGN_ENTITLEMENTS = B_Production_App/Config/B_Production_App.entitlements;
				CODE_SIGN_IDENTITY = "iPhone Developer";
				CURRENT_PROJECT_VERSION = 1;
				ENABLE_PREVIEWS = YES;
				INFOPLIST_FILE = "Derived/InfoPlists/B Production App-Info.plist";
				IPHONEOS_DEPLOYMENT_TARGET = 17.0;
				LD_RUNPATH_SEARCH_PATHS = (
					"$(inherited)",
					"@executable_path/Frameworks",
				);
				MARKETING_VERSION = 1.0.0;
				OTHER_SWIFT_FLAGS = (
					"-load-plugin-executable",
					"/Users/josephgoodrick/.cache/tuist-cloud/BinaryCache/df984cebd7b10ed2724a8517ad969225/ComposableArchitectureMacros.macro#ComposableArchitectureMacros",
					"-load-plugin-executable",
					"/Users/josephgoodrick/.cache/tuist-cloud/BinaryCache/d39e4a2c8331bc7eedab3b27aff2e89c/CasePathsMacros.macro#CasePathsMacros",
					"-load-plugin-executable",
					"/Users/josephgoodrick/.cache/tuist-cloud/BinaryCache/190174a16bbe6f0103327226c8053f6b/PerceptionMacros.macro#PerceptionMacros",
					"-load-plugin-executable",
					"/Users/josephgoodrick/.cache/tuist-cloud/BinaryCache/81fb22ee2e7d7aa6128ca3cf7034fbf7/DependenciesMacrosPlugin.macro#DependenciesMacrosPlugin",
				);
				PRODUCT_BUNDLE_IDENTIFIER = com.minimal.repro.B.Production.App;
				PRODUCT_NAME = B_Production_App;
				SDKROOT = iphoneos;
				SUPPORTS_MACCATALYST = NO;
				SUPPORTS_MAC_DESIGNED_FOR_IPHONE_IPAD = YES;
				SUPPORTS_XR_DESIGNED_FOR_IPHONE_IPAD = NO;
				SWIFT_ACTIVE_COMPILATION_CONDITIONS = (
					"$(inherited)",
					DEBUG,
				);
				SWIFT_COMPILATION_MODE = singlefile;
				SWIFT_OPTIMIZATION_LEVEL = "-Onone";
				SWIFT_VERSION = 5.0;
				TARGETED_DEVICE_FAMILY = "1,2";
			};
			name = Debug;
		};
		BEC27C8334C489D5A1C7AA87 /* Release */ = {
			isa = XCBuildConfiguration;
			buildSettings = {
				CODE_SIGN_IDENTITY = "";
				CURRENT_PROJECT_VERSION = 1;
				DEFINES_MODULE = YES;
				DYLIB_COMPATIBILITY_VERSION = 1;
				DYLIB_CURRENT_VERSION = 1;
				DYLIB_INSTALL_NAME_BASE = "@rpath";
				ENABLE_MODULE_VERIFIER = YES;
				ENABLE_USER_SCRIPT_SANDBOXING = YES;
				INFOPLIST_FILE = "Derived/InfoPlists/B Core-Info.plist";
				INSTALL_PATH = "$(LOCAL_LIBRARY_DIR)/Frameworks";
				IPHONEOS_DEPLOYMENT_TARGET = 17.0;
				LD_RUNPATH_SEARCH_PATHS = (
					"$(inherited)",
					"@executable_path/Frameworks",
					"@loader_path/Frameworks",
				);
				MODULE_VERIFIER_SUPPORTED_LANGUAGE_STANDARDS = "gnu11 gnu++14";
				OTHER_SWIFT_FLAGS = (
					"-load-plugin-executable",
					"/Users/josephgoodrick/.cache/tuist-cloud/BinaryCache/190174a16bbe6f0103327226c8053f6b/PerceptionMacros.macro#PerceptionMacros",
					"-load-plugin-executable",
					"/Users/josephgoodrick/.cache/tuist-cloud/BinaryCache/df984cebd7b10ed2724a8517ad969225/ComposableArchitectureMacros.macro#ComposableArchitectureMacros",
					"-load-plugin-executable",
					"/Users/josephgoodrick/.cache/tuist-cloud/BinaryCache/d39e4a2c8331bc7eedab3b27aff2e89c/CasePathsMacros.macro#CasePathsMacros",
					"-load-plugin-executable",
					"/Users/josephgoodrick/.cache/tuist-cloud/BinaryCache/81fb22ee2e7d7aa6128ca3cf7034fbf7/DependenciesMacrosPlugin.macro#DependenciesMacrosPlugin",
				);
				PRODUCT_BUNDLE_IDENTIFIER = com.minimal.repro.B.Core;
				PRODUCT_NAME = B_Core;
				SDKROOT = iphoneos;
				SKIP_INSTALL = YES;
				SUPPORTS_MACCATALYST = NO;
				SUPPORTS_MAC_DESIGNED_FOR_IPHONE_IPAD = YES;
				SUPPORTS_XR_DESIGNED_FOR_IPHONE_IPAD = NO;
				SWIFT_COMPILATION_MODE = wholemodule;
				SWIFT_OPTIMIZATION_LEVEL = "-Owholemodule";
				SWIFT_VERSION = 5.0;
				TARGETED_DEVICE_FAMILY = "1,2";
				VERSIONING_SYSTEM = "apple-generic";
				VERSION_INFO_PREFIX = "";
			};
			name = Release;
		};
		D2B04BA88C04DDE11DD75ED3 /* Debug */ = {
			isa = XCBuildConfiguration;
			buildSettings = {
				CODE_SIGN_IDENTITY = "";
				CURRENT_PROJECT_VERSION = 1;
				DEFINES_MODULE = YES;
				DYLIB_COMPATIBILITY_VERSION = 1;
				DYLIB_CURRENT_VERSION = 1;
				DYLIB_INSTALL_NAME_BASE = "@rpath";
				INFOPLIST_FILE = "Derived/InfoPlists/B Kit-Info.plist";
				INSTALL_PATH = "$(LOCAL_LIBRARY_DIR)/Frameworks";
				IPHONEOS_DEPLOYMENT_TARGET = 17.0;
				LD_RUNPATH_SEARCH_PATHS = (
					"$(inherited)",
					"@executable_path/Frameworks",
					"@loader_path/Frameworks",
				);
				MARKETING_VERSION = 1.0.0;
				OTHER_SWIFT_FLAGS = (
					"-load-plugin-executable",
					"/Users/josephgoodrick/.cache/tuist-cloud/BinaryCache/d39e4a2c8331bc7eedab3b27aff2e89c/CasePathsMacros.macro#CasePathsMacros",
					"-load-plugin-executable",
					"/Users/josephgoodrick/.cache/tuist-cloud/BinaryCache/df984cebd7b10ed2724a8517ad969225/ComposableArchitectureMacros.macro#ComposableArchitectureMacros",
					"-load-plugin-executable",
					"/Users/josephgoodrick/.cache/tuist-cloud/BinaryCache/81fb22ee2e7d7aa6128ca3cf7034fbf7/DependenciesMacrosPlugin.macro#DependenciesMacrosPlugin",
					"-load-plugin-executable",
					"/Users/josephgoodrick/.cache/tuist-cloud/BinaryCache/190174a16bbe6f0103327226c8053f6b/PerceptionMacros.macro#PerceptionMacros",
				);
				PRODUCT_BUNDLE_IDENTIFIER = com.minimal.repro.B.Kit;
				PRODUCT_NAME = B_Kit;
				SDKROOT = iphoneos;
				SKIP_INSTALL = YES;
				SUPPORTS_MACCATALYST = NO;
				SUPPORTS_MAC_DESIGNED_FOR_IPHONE_IPAD = YES;
				SUPPORTS_XR_DESIGNED_FOR_IPHONE_IPAD = NO;
				SWIFT_ACTIVE_COMPILATION_CONDITIONS = (
					"$(inherited)",
					DEBUG,
				);
				SWIFT_COMPILATION_MODE = singlefile;
				SWIFT_OPTIMIZATION_LEVEL = "-Onone";
				SWIFT_VERSION = 5.0;
				TARGETED_DEVICE_FAMILY = "1,2";
				VERSIONING_SYSTEM = "apple-generic";
				VERSION_INFO_PREFIX = "";
			};
			name = Debug;
		};
		DD2CA58587796859F44C69EC /* Release */ = {
			isa = XCBuildConfiguration;
			buildSettings = {
				BUNDLE_LOADER = "$(TEST_HOST)";
				CODE_SIGN_IDENTITY = "iPhone Developer";
				ENABLE_MODULE_VERIFIER = YES;
				ENABLE_USER_SCRIPT_SANDBOXING = YES;
				INFOPLIST_FILE = "Derived/InfoPlists/B Production App Tests-Info.plist";
				IPHONEOS_DEPLOYMENT_TARGET = 17.0;
				LD_RUNPATH_SEARCH_PATHS = (
					"$(inherited)",
					"@executable_path/Frameworks",
					"@loader_path/Frameworks",
				);
				MODULE_VERIFIER_SUPPORTED_LANGUAGE_STANDARDS = "gnu11 gnu++14";
				OTHER_SWIFT_FLAGS = (
					"-load-plugin-executable",
					"/Users/josephgoodrick/.cache/tuist-cloud/BinaryCache/190174a16bbe6f0103327226c8053f6b/PerceptionMacros.macro#PerceptionMacros",
					"-load-plugin-executable",
					"/Users/josephgoodrick/.cache/tuist-cloud/BinaryCache/df984cebd7b10ed2724a8517ad969225/ComposableArchitectureMacros.macro#ComposableArchitectureMacros",
					"-load-plugin-executable",
					"/Users/josephgoodrick/.cache/tuist-cloud/BinaryCache/81fb22ee2e7d7aa6128ca3cf7034fbf7/DependenciesMacrosPlugin.macro#DependenciesMacrosPlugin",
					"-load-plugin-executable",
					"/Users/josephgoodrick/.cache/tuist-cloud/BinaryCache/d39e4a2c8331bc7eedab3b27aff2e89c/CasePathsMacros.macro#CasePathsMacros",
				);
				PRODUCT_BUNDLE_IDENTIFIER = com.minimal.repro.B.Production.App.Tests;
				PRODUCT_NAME = B_Production_App_Tests;
				SDKROOT = iphoneos;
				SUPPORTS_MACCATALYST = NO;
				SUPPORTS_MAC_DESIGNED_FOR_IPHONE_IPAD = YES;
				SUPPORTS_XR_DESIGNED_FOR_IPHONE_IPAD = NO;
				SWIFT_COMPILATION_MODE = wholemodule;
				SWIFT_OPTIMIZATION_LEVEL = "-Owholemodule";
				SWIFT_VERSION = 5.0;
				TARGETED_DEVICE_FAMILY = "1,2";
				TEST_HOST = "$(BUILT_PRODUCTS_DIR)/B_Production_App.app/$(BUNDLE_EXECUTABLE_FOLDER_PATH)/B_Production_App";
				TEST_TARGET_NAME = "B Production App";
			};
			name = Release;
		};
		E7ACD1B68CA2F016B65039CE /* Release */ = {
			isa = XCBuildConfiguration;
			buildSettings = {
				CODE_SIGN_IDENTITY = "iPhone Developer";
				ENABLE_MODULE_VERIFIER = YES;
				ENABLE_USER_SCRIPT_SANDBOXING = YES;
				INFOPLIST_FILE = "Derived/InfoPlists/B Core Tests-Info.plist";
				IPHONEOS_DEPLOYMENT_TARGET = 17.0;
				LD_RUNPATH_SEARCH_PATHS = (
					"$(inherited)",
					"@executable_path/Frameworks",
					"@loader_path/Frameworks",
				);
				MODULE_VERIFIER_SUPPORTED_LANGUAGE_STANDARDS = "gnu11 gnu++14";
				OTHER_SWIFT_FLAGS = (
					"-load-plugin-executable",
					"/Users/josephgoodrick/.cache/tuist-cloud/BinaryCache/81fb22ee2e7d7aa6128ca3cf7034fbf7/DependenciesMacrosPlugin.macro#DependenciesMacrosPlugin",
					"-load-plugin-executable",
					"/Users/josephgoodrick/.cache/tuist-cloud/BinaryCache/190174a16bbe6f0103327226c8053f6b/PerceptionMacros.macro#PerceptionMacros",
					"-load-plugin-executable",
					"/Users/josephgoodrick/.cache/tuist-cloud/BinaryCache/df984cebd7b10ed2724a8517ad969225/ComposableArchitectureMacros.macro#ComposableArchitectureMacros",
					"-load-plugin-executable",
					"/Users/josephgoodrick/.cache/tuist-cloud/BinaryCache/d39e4a2c8331bc7eedab3b27aff2e89c/CasePathsMacros.macro#CasePathsMacros",
				);
				PRODUCT_BUNDLE_IDENTIFIER = com.minimal.repro.B.Core.Tests;
				PRODUCT_NAME = B_Core_Tests;
				SDKROOT = iphoneos;
				SUPPORTS_MACCATALYST = NO;
				SUPPORTS_MAC_DESIGNED_FOR_IPHONE_IPAD = YES;
				SUPPORTS_XR_DESIGNED_FOR_IPHONE_IPAD = NO;
				SWIFT_COMPILATION_MODE = wholemodule;
				SWIFT_OPTIMIZATION_LEVEL = "-Owholemodule";
				SWIFT_VERSION = 5.0;
				TARGETED_DEVICE_FAMILY = "1,2";
			};
			name = Release;
		};
		F97D46061BAD24E627F51A6A /* Debug */ = {
			isa = XCBuildConfiguration;
			buildSettings = {
				CODE_SIGN_IDENTITY = "";
				CURRENT_PROJECT_VERSION = 1;
				DEFINES_MODULE = YES;
				DYLIB_COMPATIBILITY_VERSION = 1;
				DYLIB_CURRENT_VERSION = 1;
				DYLIB_INSTALL_NAME_BASE = "@rpath";
				ENABLE_MODULE_VERIFIER = YES;
				ENABLE_USER_SCRIPT_SANDBOXING = YES;
				INFOPLIST_FILE = "Derived/InfoPlists/B Core-Info.plist";
				INSTALL_PATH = "$(LOCAL_LIBRARY_DIR)/Frameworks";
				IPHONEOS_DEPLOYMENT_TARGET = 17.0;
				LD_RUNPATH_SEARCH_PATHS = (
					"$(inherited)",
					"@executable_path/Frameworks",
					"@loader_path/Frameworks",
				);
				MODULE_VERIFIER_SUPPORTED_LANGUAGE_STANDARDS = "gnu11 gnu++14";
				OTHER_SWIFT_FLAGS = (
					"-load-plugin-executable",
					"/Users/josephgoodrick/.cache/tuist-cloud/BinaryCache/df984cebd7b10ed2724a8517ad969225/ComposableArchitectureMacros.macro#ComposableArchitectureMacros",
					"-load-plugin-executable",
					"/Users/josephgoodrick/.cache/tuist-cloud/BinaryCache/d39e4a2c8331bc7eedab3b27aff2e89c/CasePathsMacros.macro#CasePathsMacros",
					"-load-plugin-executable",
					"/Users/josephgoodrick/.cache/tuist-cloud/BinaryCache/190174a16bbe6f0103327226c8053f6b/PerceptionMacros.macro#PerceptionMacros",
					"-load-plugin-executable",
					"/Users/josephgoodrick/.cache/tuist-cloud/BinaryCache/81fb22ee2e7d7aa6128ca3cf7034fbf7/DependenciesMacrosPlugin.macro#DependenciesMacrosPlugin",
				);
				PRODUCT_BUNDLE_IDENTIFIER = com.minimal.repro.B.Core;
				PRODUCT_NAME = B_Core;
				SDKROOT = iphoneos;
				SKIP_INSTALL = YES;
				SUPPORTS_MACCATALYST = NO;
				SUPPORTS_MAC_DESIGNED_FOR_IPHONE_IPAD = YES;
				SUPPORTS_XR_DESIGNED_FOR_IPHONE_IPAD = NO;
				SWIFT_ACTIVE_COMPILATION_CONDITIONS = (
					"$(inherited)",
					DEBUG,
				);
				SWIFT_COMPILATION_MODE = singlefile;
				SWIFT_OPTIMIZATION_LEVEL = "-Onone";
				SWIFT_VERSION = 5.0;
				TARGETED_DEVICE_FAMILY = "1,2";
				VERSIONING_SYSTEM = "apple-generic";
				VERSION_INFO_PREFIX = "";
			};
			name = Debug;
		};
/* End XCBuildConfiguration section */

/* Begin XCConfigurationList section */
		2BD1FDB3C7E17DD15B770AE8 /* Build configuration list for PBXNativeTarget "B Production App Tests" */ = {
			isa = XCConfigurationList;
			buildConfigurations = (
				0A3F4033879FF33AB87E2DDB /* Debug */,
				DD2CA58587796859F44C69EC /* Release */,
			);
			defaultConfigurationIsVisible = 0;
			defaultConfigurationName = Release;
		};
		5A3DE01338B04AA66897376D /* Build configuration list for PBXNativeTarget "B Kit Tests" */ = {
			isa = XCConfigurationList;
			buildConfigurations = (
				36485DBEC097AD7A04AF340F /* Debug */,
				37BC00BFF8DF053BEEBC4D3D /* Release */,
			);
			defaultConfigurationIsVisible = 0;
			defaultConfigurationName = Release;
		};
		5C84C5CDB6BFDABDA626D2D8 /* Build configuration list for PBXNativeTarget "B Core" */ = {
			isa = XCConfigurationList;
			buildConfigurations = (
				F97D46061BAD24E627F51A6A /* Debug */,
				BEC27C8334C489D5A1C7AA87 /* Release */,
			);
			defaultConfigurationIsVisible = 0;
			defaultConfigurationName = Release;
		};
		9D90056E2B39599C1F904504 /* Build configuration list for PBXProject "B" */ = {
			isa = XCConfigurationList;
			buildConfigurations = (
				A1B2A8EF44FC9433E6E8F2E9 /* Debug */,
				2FEE14C9901A54ACDD810BBF /* Release */,
			);
			defaultConfigurationIsVisible = 0;
			defaultConfigurationName = Release;
		};
		A8D3A4A5A1D38608E3A19837 /* Build configuration list for PBXNativeTarget "B Kit" */ = {
			isa = XCConfigurationList;
			buildConfigurations = (
				D2B04BA88C04DDE11DD75ED3 /* Debug */,
				51F154360325106EBDCBFEC0 /* Release */,
			);
			defaultConfigurationIsVisible = 0;
			defaultConfigurationName = Release;
		};
		BB13C4BA2E0E04D162C2D704 /* Build configuration list for PBXNativeTarget "B Core Tests" */ = {
			isa = XCConfigurationList;
			buildConfigurations = (
				B62D5F8EE7948212F8E2D6AF /* Debug */,
				E7ACD1B68CA2F016B65039CE /* Release */,
			);
			defaultConfigurationIsVisible = 0;
			defaultConfigurationName = Release;
		};
		E7435457A4AF937E680F01B0 /* Build configuration list for PBXNativeTarget "B Production App" */ = {
			isa = XCConfigurationList;
			buildConfigurations = (
				BBFF8BA45F6BD58079F38CBB /* Debug */,
				29E85F26C6DB7E8C1ECE23FC /* Release */,
			);
			defaultConfigurationIsVisible = 0;
			defaultConfigurationName = Release;
		};
		EDEE026450A8C3720ED5B141 /* Build configuration list for PBXNativeTarget "B Kit Example App" */ = {
			isa = XCConfigurationList;
			buildConfigurations = (
				230ABCC444652EF5D4A4D8BE /* Debug */,
				B8F4034704E7A0B0F8D39DDE /* Release */,
			);
			defaultConfigurationIsVisible = 0;
			defaultConfigurationName = Release;
		};
/* End XCConfigurationList section */
	};
	rootObject = 3AB5F3AD9B4480D4B9B0CE64 /* Project object */;
}
