// !$*UTF8*$!
{
	archiveVersion = 1;
	classes = {
	};
	objectVersion = 55;
	objects = {

/* Begin PBXBuildFile section */
		041E5149C515956C62BC8582 /* XCTestDynamicOverlay.xcframework in Frameworks */ = {isa = PBXBuildFile; fileRef = F00DA4FE15C99D23A3C0A304 /* XCTestDynamicOverlay.xcframework */; };
		05EA1CD8793BECA716B53FC2 /* DependenciesMacros.xcframework in Frameworks */ = {isa = PBXBuildFile; fileRef = 82715FF91287B05A9E1595D5 /* DependenciesMacros.xcframework */; };
		0675DF90BF6FB9984D7C274D /* Clocks.xcframework in Frameworks */ = {isa = PBXBuildFile; fileRef = 7AE79029D16F875831331641 /* Clocks.xcframework */; };
		0ACDE679381AA431964884FB /* CombineSchedulers.xcframework in Frameworks */ = {isa = PBXBuildFile; fileRef = 7CE9F6456BD3622CD75E67C1 /* CombineSchedulers.xcframework */; };
		0C375E33463BB0ABF2428E54 /* Clocks.xcframework in Frameworks */ = {isa = PBXBuildFile; fileRef = 7AE79029D16F875831331641 /* Clocks.xcframework */; };
		0EA73A4EC03DC8AD09CA2669 /* Shared_Models.framework in Frameworks */ = {isa = PBXBuildFile; fileRef = 0D63B91284327ABF936BAE33 /* Shared_Models.framework */; };
		10DD3867638C75D89E530E11 /* CasePaths.xcframework in Frameworks */ = {isa = PBXBuildFile; fileRef = C122647FEF9025CDA7D480A5 /* CasePaths.xcframework */; };
		1E8DF6DE98367B853F830D16 /* Dependencies.xcframework in Frameworks */ = {isa = PBXBuildFile; fileRef = 908998F6F25363B353DEB25C /* Dependencies.xcframework */; };
		20D8DB8E97CB5E5FD31AFF36 /* ConcurrencyExtras.xcframework in Frameworks */ = {isa = PBXBuildFile; fileRef = 42269A2555F1FFBF0FD42748 /* ConcurrencyExtras.xcframework */; };
		2115FCE7055826ADDE789EB1 /* Clocks.xcframework in Frameworks */ = {isa = PBXBuildFile; fileRef = 7AE79029D16F875831331641 /* Clocks.xcframework */; };
		220A8B344FA636752926181A /* Perception.xcframework in Frameworks */ = {isa = PBXBuildFile; fileRef = CB8FEA14D7B528660BFB5929 /* Perception.xcframework */; };
		229D11107B887F0425478F2B /* Shared_Models.framework in Frameworks */ = {isa = PBXBuildFile; fileRef = 0D63B91284327ABF936BAE33 /* Shared_Models.framework */; };
		2A341D72A4CB7D462ADA46F0 /* SwiftUINavigationCore.xcframework in Frameworks */ = {isa = PBXBuildFile; fileRef = A611D753BBBEDD1B56D64211 /* SwiftUINavigationCore.xcframework */; };
		2D15DE6A4D0F075541CDD5DF /* OrderedCollections.xcframework in Frameworks */ = {isa = PBXBuildFile; fileRef = 474F4ACCC316E6B875988D78 /* OrderedCollections.xcframework */; };
		33AA07F9BA5469FEFA928C0A /* OrderedCollections.xcframework in Frameworks */ = {isa = PBXBuildFile; fileRef = 474F4ACCC316E6B875988D78 /* OrderedCollections.xcframework */; };
		43D1E45B1FEE7AE27B29433A /* XCTestDynamicOverlay.xcframework in Frameworks */ = {isa = PBXBuildFile; fileRef = F00DA4FE15C99D23A3C0A304 /* XCTestDynamicOverlay.xcframework */; };
		4F800DBA245C92AD6C105566 /* _CollectionsUtilities.xcframework in Frameworks */ = {isa = PBXBuildFile; fileRef = 60A4245892DF0D0587149382 /* _CollectionsUtilities.xcframework */; };
		4FF914E2F079CD616C787D13 /* Component_C.swift in Sources */ = {isa = PBXBuildFile; fileRef = C3348739820E0F2822F9FA1D /* Component_C.swift */; };
		5BAEA0F34AC7C1A33EFF720D /* Dependencies.xcframework in Frameworks */ = {isa = PBXBuildFile; fileRef = 908998F6F25363B353DEB25C /* Dependencies.xcframework */; };
		5E4FFDAE7CE8DCEAC7C12D9D /* CombineSchedulers.xcframework in Frameworks */ = {isa = PBXBuildFile; fileRef = 7CE9F6456BD3622CD75E67C1 /* CombineSchedulers.xcframework */; };
		60BBFC604D375282ACAFA7E5 /* IdentifiedCollections.xcframework in Frameworks */ = {isa = PBXBuildFile; fileRef = 48B3E2ABEB03F7AECC831104 /* IdentifiedCollections.xcframework */; };
		675FE20344752616201E5EC7 /* Models.swift in Sources */ = {isa = PBXBuildFile; fileRef = C036A8DBA9403164E837ADEC /* Models.swift */; };
		67BCF1C2F6CDD9A2885AC6EA /* ComposableArchitecture.xcframework in Frameworks */ = {isa = PBXBuildFile; fileRef = D27D6787C20710642332B0A6 /* ComposableArchitecture.xcframework */; };
		6BCA057826D9E901874124A9 /* CustomDump.xcframework in Frameworks */ = {isa = PBXBuildFile; fileRef = 83F01A17D9F03833E322D1DF /* CustomDump.xcframework */; };
		735A3031B213196ED8EB481B /* SharedButton.swift in Sources */ = {isa = PBXBuildFile; fileRef = C3D88542D9F9F72B7EAC4BA2 /* SharedButton.swift */; };
		76C279A005680FF27F3FA347 /* IdentifiedCollections.xcframework in Frameworks */ = {isa = PBXBuildFile; fileRef = 48B3E2ABEB03F7AECC831104 /* IdentifiedCollections.xcframework */; };
		77037CD2E7209583855C498C /* CasePaths.xcframework in Frameworks */ = {isa = PBXBuildFile; fileRef = C122647FEF9025CDA7D480A5 /* CasePaths.xcframework */; };
		7A3D650842132F01463F30CB /* CustomDump.xcframework in Frameworks */ = {isa = PBXBuildFile; fileRef = 83F01A17D9F03833E322D1DF /* CustomDump.xcframework */; };
		7EB7729AF42407929F87F535 /* Shared_Architecture.framework in Frameworks */ = {isa = PBXBuildFile; fileRef = 31AF6D362A316AA21972FC07 /* Shared_Architecture.framework */; };
		848BF4942AB06B1E80DAA3DE /* Shared_Architecture.framework in Frameworks */ = {isa = PBXBuildFile; fileRef = 31AF6D362A316AA21972FC07 /* Shared_Architecture.framework */; };
		8835EF917A7AEB6B61CC2FE4 /* Shared_Layouts.framework in Frameworks */ = {isa = PBXBuildFile; fileRef = 82F6A0518873B99087B6D123 /* Shared_Layouts.framework */; };
		8880589304A26CFB6415D65B /* OrderedCollections.xcframework in Frameworks */ = {isa = PBXBuildFile; fileRef = 474F4ACCC316E6B875988D78 /* OrderedCollections.xcframework */; };
		8A537F60D6578EB566234AB5 /* Perception.xcframework in Frameworks */ = {isa = PBXBuildFile; fileRef = CB8FEA14D7B528660BFB5929 /* Perception.xcframework */; };
		8E76B752594DC5661A7D47AE /* CasePaths.xcframework in Frameworks */ = {isa = PBXBuildFile; fileRef = C122647FEF9025CDA7D480A5 /* CasePaths.xcframework */; };
		921D7FA9E3915D92A8D69BC7 /* _CollectionsUtilities.xcframework in Frameworks */ = {isa = PBXBuildFile; fileRef = 60A4245892DF0D0587149382 /* _CollectionsUtilities.xcframework */; };
		98B0FE7DC9F238239D28DDB9 /* ComposableArchitecture.xcframework in Frameworks */ = {isa = PBXBuildFile; fileRef = D27D6787C20710642332B0A6 /* ComposableArchitecture.xcframework */; };
		A57802449ED7179462B158AC /* Shared_Layouts.framework in Frameworks */ = {isa = PBXBuildFile; fileRef = 82F6A0518873B99087B6D123 /* Shared_Layouts.framework */; };
		B0B886F60693A4103D0D7517 /* DependenciesMacros.xcframework in Frameworks */ = {isa = PBXBuildFile; fileRef = 82715FF91287B05A9E1595D5 /* DependenciesMacros.xcframework */; };
		B740F438458282E213D8A101 /* CustomDump.xcframework in Frameworks */ = {isa = PBXBuildFile; fileRef = 83F01A17D9F03833E322D1DF /* CustomDump.xcframework */; };
		B802A693D229A78D17CA9DA8 /* XCTestDynamicOverlay.xcframework in Frameworks */ = {isa = PBXBuildFile; fileRef = F00DA4FE15C99D23A3C0A304 /* XCTestDynamicOverlay.xcframework */; };
		BE8324605E408737CD00AEAC /* ConcurrencyExtras.xcframework in Frameworks */ = {isa = PBXBuildFile; fileRef = 42269A2555F1FFBF0FD42748 /* ConcurrencyExtras.xcframework */; };
		C0623FF3205C6D5020FCFD5E /* SharedButton.swift in Sources */ = {isa = PBXBuildFile; fileRef = F095EB4A2D6CD99D4F642317 /* SharedButton.swift */; };
		C73DE6182DC27AD9FE999EAB /* _CollectionsUtilities.xcframework in Frameworks */ = {isa = PBXBuildFile; fileRef = 60A4245892DF0D0587149382 /* _CollectionsUtilities.xcframework */; };
		D25BFFA023A0E9D756F44ADA /* ComposableArchitecture.xcframework in Frameworks */ = {isa = PBXBuildFile; fileRef = D27D6787C20710642332B0A6 /* ComposableArchitecture.xcframework */; };
		D72C2739464FA9782C73CF03 /* Component_D.swift in Sources */ = {isa = PBXBuildFile; fileRef = DDC5DD0D2CCFE0E7A5BF3100 /* Component_D.swift */; };
		D7D6A066E59694224D4BEA37 /* ConcurrencyExtras.xcframework in Frameworks */ = {isa = PBXBuildFile; fileRef = 42269A2555F1FFBF0FD42748 /* ConcurrencyExtras.xcframework */; };
		D7FE0E8E4C747F7774AF4EC7 /* DependenciesMacros.xcframework in Frameworks */ = {isa = PBXBuildFile; fileRef = 82715FF91287B05A9E1595D5 /* DependenciesMacros.xcframework */; };
		D81B6D09564D833DF08F4B30 /* SwiftUINavigationCore.xcframework in Frameworks */ = {isa = PBXBuildFile; fileRef = A611D753BBBEDD1B56D64211 /* SwiftUINavigationCore.xcframework */; };
		DD1D51C03117AAEC38BAE21C /* Shared_Models.framework in Frameworks */ = {isa = PBXBuildFile; fileRef = 0D63B91284327ABF936BAE33 /* Shared_Models.framework */; };
		DDECF815DF8DB14A773320F8 /* SwiftUINavigationCore.xcframework in Frameworks */ = {isa = PBXBuildFile; fileRef = A611D753BBBEDD1B56D64211 /* SwiftUINavigationCore.xcframework */; };
		E64DC2E50E11B59733562744 /* CombineSchedulers.xcframework in Frameworks */ = {isa = PBXBuildFile; fileRef = 7CE9F6456BD3622CD75E67C1 /* CombineSchedulers.xcframework */; };
		EE623ED12AA3D45D66548EA7 /* IdentifiedCollections.xcframework in Frameworks */ = {isa = PBXBuildFile; fileRef = 48B3E2ABEB03F7AECC831104 /* IdentifiedCollections.xcframework */; };
		EF068AAB97E554930D18CD13 /* Perception.xcframework in Frameworks */ = {isa = PBXBuildFile; fileRef = CB8FEA14D7B528660BFB5929 /* Perception.xcframework */; };
		F76DC83D96E1E983407A92B0 /* Dependencies.xcframework in Frameworks */ = {isa = PBXBuildFile; fileRef = 908998F6F25363B353DEB25C /* Dependencies.xcframework */; };
/* End PBXBuildFile section */

/* Begin PBXContainerItemProxy section */
		057713F242E66416E3802948 /* PBXContainerItemProxy */ = {
			isa = PBXContainerItemProxy;
			containerPortal = CF2E1D8B54DADE3AB44ADA38 /* Project object */;
			proxyType = 1;
			remoteGlobalIDString = 140DCFE5EFA7AE33F6B32530;
			remoteInfo = "Shared Architecture";
		};
		4500692C8B566A89BB012827 /* PBXContainerItemProxy */ = {
			isa = PBXContainerItemProxy;
			containerPortal = CF2E1D8B54DADE3AB44ADA38 /* Project object */;
			proxyType = 1;
			remoteGlobalIDString = 2A7FF680FC4BDE1734657F3F;
			remoteInfo = "Shared Layouts";
		};
		50EB25647C746F629FAA2F4F /* PBXContainerItemProxy */ = {
			isa = PBXContainerItemProxy;
			containerPortal = CF2E1D8B54DADE3AB44ADA38 /* Project object */;
			proxyType = 1;
			remoteGlobalIDString = 2A7FF680FC4BDE1734657F3F;
			remoteInfo = "Shared Layouts";
		};
		5A61C73AD1BA869539EFB175 /* PBXContainerItemProxy */ = {
			isa = PBXContainerItemProxy;
			containerPortal = CF2E1D8B54DADE3AB44ADA38 /* Project object */;
			proxyType = 1;
			remoteGlobalIDString = 140DCFE5EFA7AE33F6B32530;
			remoteInfo = "Shared Architecture";
		};
		9C90215C8E769D7B645DA9AF /* PBXContainerItemProxy */ = {
			isa = PBXContainerItemProxy;
			containerPortal = CF2E1D8B54DADE3AB44ADA38 /* Project object */;
			proxyType = 1;
			remoteGlobalIDString = AEBF3F393F3BD4CCD95FC95B;
			remoteInfo = "Shared Models";
		};
		C5BD9D5242E408C9FFEE666F /* PBXContainerItemProxy */ = {
			isa = PBXContainerItemProxy;
			containerPortal = CF2E1D8B54DADE3AB44ADA38 /* Project object */;
			proxyType = 1;
			remoteGlobalIDString = AEBF3F393F3BD4CCD95FC95B;
			remoteInfo = "Shared Models";
		};
		EC0A8A847B0CB77D02234379 /* PBXContainerItemProxy */ = {
			isa = PBXContainerItemProxy;
			containerPortal = CF2E1D8B54DADE3AB44ADA38 /* Project object */;
			proxyType = 1;
			remoteGlobalIDString = AEBF3F393F3BD4CCD95FC95B;
			remoteInfo = "Shared Models";
		};
/* End PBXContainerItemProxy section */

/* Begin PBXCopyFilesBuildPhase section */
		135AFB611ECC23D1A1D52599 /* Embed Frameworks */ = {
			isa = PBXCopyFilesBuildPhase;
			buildActionMask = 2147483647;
			dstPath = "";
			dstSubfolderSpec = 10;
			files = (
			);
			name = "Embed Frameworks";
			runOnlyForDeploymentPostprocessing = 0;
		};
		2DBD2F8D32DAF0628A1E5E10 /* Embed Frameworks */ = {
			isa = PBXCopyFilesBuildPhase;
			buildActionMask = 2147483647;
			dstPath = "";
			dstSubfolderSpec = 10;
			files = (
			);
			name = "Embed Frameworks";
			runOnlyForDeploymentPostprocessing = 0;
		};
		39518B29E6E039474DC285A6 /* Embed Frameworks */ = {
			isa = PBXCopyFilesBuildPhase;
			buildActionMask = 2147483647;
			dstPath = "";
			dstSubfolderSpec = 10;
			files = (
			);
			name = "Embed Frameworks";
			runOnlyForDeploymentPostprocessing = 0;
		};
		60CED4E9ECBFB456C0C2B091 /* Embed Frameworks */ = {
			isa = PBXCopyFilesBuildPhase;
			buildActionMask = 2147483647;
			dstPath = "";
			dstSubfolderSpec = 10;
			files = (
			);
			name = "Embed Frameworks";
			runOnlyForDeploymentPostprocessing = 0;
		};
		E2F64463A6B2F5A3E7882D56 /* Embed Frameworks */ = {
			isa = PBXCopyFilesBuildPhase;
			buildActionMask = 2147483647;
			dstPath = "";
			dstSubfolderSpec = 10;
			files = (
			);
			name = "Embed Frameworks";
			runOnlyForDeploymentPostprocessing = 0;
		};
/* End PBXCopyFilesBuildPhase section */

/* Begin PBXFileReference section */
		0111CC0048E9519EA02EDB65 /* Shared Layouts-Info.plist */ = {isa = PBXFileReference; lastKnownFileType = text.plist; path = "Shared Layouts-Info.plist"; sourceTree = "<group>"; };
		04C879D0BAD9FD6F4AB7A6A9 /* Shared Component D-Info.plist */ = {isa = PBXFileReference; lastKnownFileType = text.plist; path = "Shared Component D-Info.plist"; sourceTree = "<group>"; };
		0D63B91284327ABF936BAE33 /* Shared_Models.framework */ = {isa = PBXFileReference; explicitFileType = wrapper.framework; includeInIndex = 0; path = Shared_Models.framework; sourceTree = BUILT_PRODUCTS_DIR; };
		1DB83232BE38AB8DC38A51F9 /* Shared_Component_D.framework */ = {isa = PBXFileReference; explicitFileType = wrapper.framework; includeInIndex = 0; path = Shared_Component_D.framework; sourceTree = BUILT_PRODUCTS_DIR; };
		31AF6D362A316AA21972FC07 /* Shared_Architecture.framework */ = {isa = PBXFileReference; explicitFileType = wrapper.framework; includeInIndex = 0; path = Shared_Architecture.framework; sourceTree = BUILT_PRODUCTS_DIR; };
		42269A2555F1FFBF0FD42748 /* ConcurrencyExtras.xcframework */ = {isa = PBXFileReference; lastKnownFileType = wrapper.xcframework; name = ConcurrencyExtras.xcframework; path = "/Users/josephgoodrick/.cache/tuist-cloud/BinaryCache/822ab6fc8eaf0a76e410a9dfc5941fb0/ConcurrencyExtras.xcframework"; sourceTree = "<absolute>"; };
		474F4ACCC316E6B875988D78 /* OrderedCollections.xcframework */ = {isa = PBXFileReference; lastKnownFileType = wrapper.xcframework; name = OrderedCollections.xcframework; path = "/Users/josephgoodrick/.cache/tuist-cloud/BinaryCache/e94f38edccbc6d4eb2037f096f671046/OrderedCollections.xcframework"; sourceTree = "<absolute>"; };
		48B3E2ABEB03F7AECC831104 /* IdentifiedCollections.xcframework */ = {isa = PBXFileReference; lastKnownFileType = wrapper.xcframework; name = IdentifiedCollections.xcframework; path = "/Users/josephgoodrick/.cache/tuist-cloud/BinaryCache/d9fd031a398a9e000ba4337362a7c0b3/IdentifiedCollections.xcframework"; sourceTree = "<absolute>"; };
		60A4245892DF0D0587149382 /* _CollectionsUtilities.xcframework */ = {isa = PBXFileReference; lastKnownFileType = wrapper.xcframework; name = _CollectionsUtilities.xcframework; path = "/Users/josephgoodrick/.cache/tuist-cloud/BinaryCache/aec7256f6a17e6e5b2dccd5b0769f096/_CollectionsUtilities.xcframework"; sourceTree = "<absolute>"; };
		7AE79029D16F875831331641 /* Clocks.xcframework */ = {isa = PBXFileReference; lastKnownFileType = wrapper.xcframework; name = Clocks.xcframework; path = "/Users/josephgoodrick/.cache/tuist-cloud/BinaryCache/1b43e536d5768f3857e0c4d0025304fb/Clocks.xcframework"; sourceTree = "<absolute>"; };
		7CE9F6456BD3622CD75E67C1 /* CombineSchedulers.xcframework */ = {isa = PBXFileReference; lastKnownFileType = wrapper.xcframework; name = CombineSchedulers.xcframework; path = "/Users/josephgoodrick/.cache/tuist-cloud/BinaryCache/b696cf89752810e68af7e69e75de0cb2/CombineSchedulers.xcframework"; sourceTree = "<absolute>"; };
		82715FF91287B05A9E1595D5 /* DependenciesMacros.xcframework */ = {isa = PBXFileReference; lastKnownFileType = wrapper.xcframework; name = DependenciesMacros.xcframework; path = "/Users/josephgoodrick/.cache/tuist-cloud/BinaryCache/79cdb8cd0e07bbd30e2f180c90f079ff/DependenciesMacros.xcframework"; sourceTree = "<absolute>"; };
		82F6A0518873B99087B6D123 /* Shared_Layouts.framework */ = {isa = PBXFileReference; explicitFileType = wrapper.framework; includeInIndex = 0; path = Shared_Layouts.framework; sourceTree = BUILT_PRODUCTS_DIR; };
		83F01A17D9F03833E322D1DF /* CustomDump.xcframework */ = {isa = PBXFileReference; lastKnownFileType = wrapper.xcframework; name = CustomDump.xcframework; path = "/Users/josephgoodrick/.cache/tuist-cloud/BinaryCache/2df3f584292133aa6156e9969c809c7a/CustomDump.xcframework"; sourceTree = "<absolute>"; };
		908998F6F25363B353DEB25C /* Dependencies.xcframework */ = {isa = PBXFileReference; lastKnownFileType = wrapper.xcframework; name = Dependencies.xcframework; path = "/Users/josephgoodrick/.cache/tuist-cloud/BinaryCache/adba16dd8b9dbe691afeb0bafaf87e54/Dependencies.xcframework"; sourceTree = "<absolute>"; };
		A611D753BBBEDD1B56D64211 /* SwiftUINavigationCore.xcframework */ = {isa = PBXFileReference; lastKnownFileType = wrapper.xcframework; name = SwiftUINavigationCore.xcframework; path = "/Users/josephgoodrick/.cache/tuist-cloud/BinaryCache/d31dc1cd08505a00586378da604b6ef8/SwiftUINavigationCore.xcframework"; sourceTree = "<absolute>"; };
		C036A8DBA9403164E837ADEC /* Models.swift */ = {isa = PBXFileReference; lastKnownFileType = sourcecode.swift; path = Models.swift; sourceTree = "<group>"; };
		C122647FEF9025CDA7D480A5 /* CasePaths.xcframework */ = {isa = PBXFileReference; lastKnownFileType = wrapper.xcframework; name = CasePaths.xcframework; path = "/Users/josephgoodrick/.cache/tuist-cloud/BinaryCache/5389e52cd847b67423cd53478e16e096/CasePaths.xcframework"; sourceTree = "<absolute>"; };
		C3348739820E0F2822F9FA1D /* Component_C.swift */ = {isa = PBXFileReference; lastKnownFileType = sourcecode.swift; path = Component_C.swift; sourceTree = "<group>"; };
		C35E530AD12AF0F891B1E271 /* Shared Architecture-Info.plist */ = {isa = PBXFileReference; lastKnownFileType = text.plist; path = "Shared Architecture-Info.plist"; sourceTree = "<group>"; };
		C3D88542D9F9F72B7EAC4BA2 /* SharedButton.swift */ = {isa = PBXFileReference; lastKnownFileType = sourcecode.swift; path = SharedButton.swift; sourceTree = "<group>"; };
		CB8FEA14D7B528660BFB5929 /* Perception.xcframework */ = {isa = PBXFileReference; lastKnownFileType = wrapper.xcframework; name = Perception.xcframework; path = "/Users/josephgoodrick/.cache/tuist-cloud/BinaryCache/a2bf40af77e5eb60cc89d8fedd918ad6/Perception.xcframework"; sourceTree = "<absolute>"; };
		D27D6787C20710642332B0A6 /* ComposableArchitecture.xcframework */ = {isa = PBXFileReference; lastKnownFileType = wrapper.xcframework; name = ComposableArchitecture.xcframework; path = "/Users/josephgoodrick/.cache/tuist-cloud/BinaryCache/f9e5e48e6fe1a211d5fe7cb490cc4259/ComposableArchitecture.xcframework"; sourceTree = "<absolute>"; };
		D5AD679BC8D8759E44489B40 /* Shared Models-Info.plist */ = {isa = PBXFileReference; lastKnownFileType = text.plist; path = "Shared Models-Info.plist"; sourceTree = "<group>"; };
		DDC5DD0D2CCFE0E7A5BF3100 /* Component_D.swift */ = {isa = PBXFileReference; lastKnownFileType = sourcecode.swift; path = Component_D.swift; sourceTree = "<group>"; };
		EE38A5DDA9EE97FEE31FF9D8 /* Shared Component C-Info.plist */ = {isa = PBXFileReference; lastKnownFileType = text.plist; path = "Shared Component C-Info.plist"; sourceTree = "<group>"; };
		F00DA4FE15C99D23A3C0A304 /* XCTestDynamicOverlay.xcframework */ = {isa = PBXFileReference; lastKnownFileType = wrapper.xcframework; name = XCTestDynamicOverlay.xcframework; path = "/Users/josephgoodrick/.cache/tuist-cloud/BinaryCache/02a0922d18a2d72fc8c888eff1fb99d2/XCTestDynamicOverlay.xcframework"; sourceTree = "<absolute>"; };
		F095EB4A2D6CD99D4F642317 /* SharedButton.swift */ = {isa = PBXFileReference; lastKnownFileType = sourcecode.swift; path = SharedButton.swift; sourceTree = "<group>"; };
		F8CD157FB84DB902125C242C /* Shared_Component_C.framework */ = {isa = PBXFileReference; explicitFileType = wrapper.framework; includeInIndex = 0; path = Shared_Component_C.framework; sourceTree = BUILT_PRODUCTS_DIR; };
/* End PBXFileReference section */

/* Begin PBXFrameworksBuildPhase section */
		35ABE33989350BDEF442F5FE /* Frameworks */ = {
			isa = PBXFrameworksBuildPhase;
			buildActionMask = 2147483647;
			files = (
			);
			runOnlyForDeploymentPostprocessing = 0;
		};
		44C3F10EBE5C8A6CF1D2DE1D /* Frameworks */ = {
			isa = PBXFrameworksBuildPhase;
			buildActionMask = 2147483647;
			files = (
				7EB7729AF42407929F87F535 /* Shared_Architecture.framework in Frameworks */,
				A57802449ED7179462B158AC /* Shared_Layouts.framework in Frameworks */,
				DD1D51C03117AAEC38BAE21C /* Shared_Models.framework in Frameworks */,
				B802A693D229A78D17CA9DA8 /* XCTestDynamicOverlay.xcframework in Frameworks */,
				2115FCE7055826ADDE789EB1 /* Clocks.xcframework in Frameworks */,
				7A3D650842132F01463F30CB /* CustomDump.xcframework in Frameworks */,
				8E76B752594DC5661A7D47AE /* CasePaths.xcframework in Frameworks */,
				D7FE0E8E4C747F7774AF4EC7 /* DependenciesMacros.xcframework in Frameworks */,
				D7D6A066E59694224D4BEA37 /* ConcurrencyExtras.xcframework in Frameworks */,
				220A8B344FA636752926181A /* Perception.xcframework in Frameworks */,
				F76DC83D96E1E983407A92B0 /* Dependencies.xcframework in Frameworks */,
				C73DE6182DC27AD9FE999EAB /* _CollectionsUtilities.xcframework in Frameworks */,
				0ACDE679381AA431964884FB /* CombineSchedulers.xcframework in Frameworks */,
				D81B6D09564D833DF08F4B30 /* SwiftUINavigationCore.xcframework in Frameworks */,
				EE623ED12AA3D45D66548EA7 /* IdentifiedCollections.xcframework in Frameworks */,
				2D15DE6A4D0F075541CDD5DF /* OrderedCollections.xcframework in Frameworks */,
				D25BFFA023A0E9D756F44ADA /* ComposableArchitecture.xcframework in Frameworks */,
			);
			runOnlyForDeploymentPostprocessing = 0;
		};
		7A4365FC6EFB656ECFEDA285 /* Frameworks */ = {
			isa = PBXFrameworksBuildPhase;
			buildActionMask = 2147483647;
			files = (
				229D11107B887F0425478F2B /* Shared_Models.framework in Frameworks */,
			);
			runOnlyForDeploymentPostprocessing = 0;
		};
		9B545AF72C9D425B5FDCF2E2 /* Frameworks */ = {
			isa = PBXFrameworksBuildPhase;
			buildActionMask = 2147483647;
			files = (
				848BF4942AB06B1E80DAA3DE /* Shared_Architecture.framework in Frameworks */,
				8835EF917A7AEB6B61CC2FE4 /* Shared_Layouts.framework in Frameworks */,
				0EA73A4EC03DC8AD09CA2669 /* Shared_Models.framework in Frameworks */,
				43D1E45B1FEE7AE27B29433A /* XCTestDynamicOverlay.xcframework in Frameworks */,
				0675DF90BF6FB9984D7C274D /* Clocks.xcframework in Frameworks */,
				6BCA057826D9E901874124A9 /* CustomDump.xcframework in Frameworks */,
				77037CD2E7209583855C498C /* CasePaths.xcframework in Frameworks */,
				B0B886F60693A4103D0D7517 /* DependenciesMacros.xcframework in Frameworks */,
				20D8DB8E97CB5E5FD31AFF36 /* ConcurrencyExtras.xcframework in Frameworks */,
				EF068AAB97E554930D18CD13 /* Perception.xcframework in Frameworks */,
				5BAEA0F34AC7C1A33EFF720D /* Dependencies.xcframework in Frameworks */,
				921D7FA9E3915D92A8D69BC7 /* _CollectionsUtilities.xcframework in Frameworks */,
				E64DC2E50E11B59733562744 /* CombineSchedulers.xcframework in Frameworks */,
				DDECF815DF8DB14A773320F8 /* SwiftUINavigationCore.xcframework in Frameworks */,
				60BBFC604D375282ACAFA7E5 /* IdentifiedCollections.xcframework in Frameworks */,
				8880589304A26CFB6415D65B /* OrderedCollections.xcframework in Frameworks */,
				67BCF1C2F6CDD9A2885AC6EA /* ComposableArchitecture.xcframework in Frameworks */,
			);
			runOnlyForDeploymentPostprocessing = 0;
		};
		B2AB1E34476F0CA88AE8D5EF /* Frameworks */ = {
			isa = PBXFrameworksBuildPhase;
			buildActionMask = 2147483647;
			files = (
				041E5149C515956C62BC8582 /* XCTestDynamicOverlay.xcframework in Frameworks */,
				0C375E33463BB0ABF2428E54 /* Clocks.xcframework in Frameworks */,
				B740F438458282E213D8A101 /* CustomDump.xcframework in Frameworks */,
				10DD3867638C75D89E530E11 /* CasePaths.xcframework in Frameworks */,
				05EA1CD8793BECA716B53FC2 /* DependenciesMacros.xcframework in Frameworks */,
				BE8324605E408737CD00AEAC /* ConcurrencyExtras.xcframework in Frameworks */,
				8A537F60D6578EB566234AB5 /* Perception.xcframework in Frameworks */,
				1E8DF6DE98367B853F830D16 /* Dependencies.xcframework in Frameworks */,
				4F800DBA245C92AD6C105566 /* _CollectionsUtilities.xcframework in Frameworks */,
				5E4FFDAE7CE8DCEAC7C12D9D /* CombineSchedulers.xcframework in Frameworks */,
				2A341D72A4CB7D462ADA46F0 /* SwiftUINavigationCore.xcframework in Frameworks */,
				76C279A005680FF27F3FA347 /* IdentifiedCollections.xcframework in Frameworks */,
				33AA07F9BA5469FEFA928C0A /* OrderedCollections.xcframework in Frameworks */,
				98B0FE7DC9F238239D28DDB9 /* ComposableArchitecture.xcframework in Frameworks */,
			);
			runOnlyForDeploymentPostprocessing = 0;
		};
/* End PBXFrameworksBuildPhase section */

/* Begin PBXGroup section */
		057399BDB34EEEDA5222BF13 /* Shared_Models */ = {
			isa = PBXGroup;
			children = (
				C036A8DBA9403164E837ADEC /* Models.swift */,
			);
			path = Shared_Models;
			sourceTree = "<group>";
		};
		3C54C1673B7334EF19C38BB2 /* Derived */ = {
			isa = PBXGroup;
			children = (
				CFF3308B9DD8563D12ABFC25 /* InfoPlists */,
			);
			path = Derived;
			sourceTree = "<group>";
		};
		480526B13C56F7AC3D593C1B /* Shared_Layouts */ = {
			isa = PBXGroup;
			children = (
				F095EB4A2D6CD99D4F642317 /* SharedButton.swift */,
			);
			path = Shared_Layouts;
			sourceTree = "<group>";
		};
		6EC0B98B4A7FF03886AD270E /* Project */ = {
			isa = PBXGroup;
			children = (
				3C54C1673B7334EF19C38BB2 /* Derived */,
				8DBC6BAA6C2105D09B097177 /* Sources */,
			);
			name = Project;
			sourceTree = "<group>";
		};
		72723117B1BFA01E33CBB7A6 /* Products */ = {
			isa = PBXGroup;
			children = (
				31AF6D362A316AA21972FC07 /* Shared_Architecture.framework */,
				F8CD157FB84DB902125C242C /* Shared_Component_C.framework */,
				1DB83232BE38AB8DC38A51F9 /* Shared_Component_D.framework */,
				82F6A0518873B99087B6D123 /* Shared_Layouts.framework */,
				0D63B91284327ABF936BAE33 /* Shared_Models.framework */,
			);
			name = Products;
			sourceTree = "<group>";
		};
		8DBC6BAA6C2105D09B097177 /* Sources */ = {
			isa = PBXGroup;
			children = (
				CDBCF2A262F3E97B12C834D6 /* Shared_Architecture */,
				AB25B3F7B36CE623D5A84C59 /* Shared_Component_C */,
				BF210BFCC0D6154536E7FAC0 /* Shared_Component_D */,
				480526B13C56F7AC3D593C1B /* Shared_Layouts */,
				057399BDB34EEEDA5222BF13 /* Shared_Models */,
			);
			path = Sources;
			sourceTree = "<group>";
		};
		AB25B3F7B36CE623D5A84C59 /* Shared_Component_C */ = {
			isa = PBXGroup;
			children = (
				C3348739820E0F2822F9FA1D /* Component_C.swift */,
			);
			path = Shared_Component_C;
			sourceTree = "<group>";
		};
		BF210BFCC0D6154536E7FAC0 /* Shared_Component_D */ = {
			isa = PBXGroup;
			children = (
				DDC5DD0D2CCFE0E7A5BF3100 /* Component_D.swift */,
			);
			path = Shared_Component_D;
			sourceTree = "<group>";
		};
		CDBCF2A262F3E97B12C834D6 /* Shared_Architecture */ = {
			isa = PBXGroup;
			children = (
				C3D88542D9F9F72B7EAC4BA2 /* SharedButton.swift */,
			);
			path = Shared_Architecture;
			sourceTree = "<group>";
		};
		CFF3308B9DD8563D12ABFC25 /* InfoPlists */ = {
			isa = PBXGroup;
			children = (
				C35E530AD12AF0F891B1E271 /* Shared Architecture-Info.plist */,
				EE38A5DDA9EE97FEE31FF9D8 /* Shared Component C-Info.plist */,
				04C879D0BAD9FD6F4AB7A6A9 /* Shared Component D-Info.plist */,
				0111CC0048E9519EA02EDB65 /* Shared Layouts-Info.plist */,
				D5AD679BC8D8759E44489B40 /* Shared Models-Info.plist */,
			);
			path = InfoPlists;
			sourceTree = "<group>";
		};
		D793F8B86E108578F6935950 /* Cache */ = {
			isa = PBXGroup;
			children = (
				60A4245892DF0D0587149382 /* _CollectionsUtilities.xcframework */,
				C122647FEF9025CDA7D480A5 /* CasePaths.xcframework */,
				7AE79029D16F875831331641 /* Clocks.xcframework */,
				7CE9F6456BD3622CD75E67C1 /* CombineSchedulers.xcframework */,
				D27D6787C20710642332B0A6 /* ComposableArchitecture.xcframework */,
				42269A2555F1FFBF0FD42748 /* ConcurrencyExtras.xcframework */,
				83F01A17D9F03833E322D1DF /* CustomDump.xcframework */,
				908998F6F25363B353DEB25C /* Dependencies.xcframework */,
				82715FF91287B05A9E1595D5 /* DependenciesMacros.xcframework */,
				48B3E2ABEB03F7AECC831104 /* IdentifiedCollections.xcframework */,
				474F4ACCC316E6B875988D78 /* OrderedCollections.xcframework */,
				CB8FEA14D7B528660BFB5929 /* Perception.xcframework */,
				A611D753BBBEDD1B56D64211 /* SwiftUINavigationCore.xcframework */,
				F00DA4FE15C99D23A3C0A304 /* XCTestDynamicOverlay.xcframework */,
			);
			name = Cache;
			sourceTree = "<group>";
		};
		DA75EE09CE53689E1DEA0A26 = {
			isa = PBXGroup;
			children = (
				6EC0B98B4A7FF03886AD270E /* Project */,
				E7E2DC04443691192563DF03 /* Frameworks */,
				D793F8B86E108578F6935950 /* Cache */,
				72723117B1BFA01E33CBB7A6 /* Products */,
			);
			sourceTree = "<group>";
		};
		E7E2DC04443691192563DF03 /* Frameworks */ = {
			isa = PBXGroup;
			children = (
			);
			name = Frameworks;
			sourceTree = "<group>";
		};
/* End PBXGroup section */

/* Begin PBXNativeTarget section */
		140DCFE5EFA7AE33F6B32530 /* Shared Architecture */ = {
			isa = PBXNativeTarget;
			buildConfigurationList = 8D0B7B0E7104E71E9ACE12E2 /* Build configuration list for PBXNativeTarget "Shared Architecture" */;
			buildPhases = (
				D66D094323B82CC01DC048F4 /* Sources */,
				74009905586DEADF402F5172 /* Resources */,
				2DBD2F8D32DAF0628A1E5E10 /* Embed Frameworks */,
				B2AB1E34476F0CA88AE8D5EF /* Frameworks */,
			);
			buildRules = (
			);
			dependencies = (
			);
			name = "Shared Architecture";
			productName = Shared_Architecture;
			productReference = 31AF6D362A316AA21972FC07 /* Shared_Architecture.framework */;
			productType = "com.apple.product-type.framework";
		};
		2A7FF680FC4BDE1734657F3F /* Shared Layouts */ = {
			isa = PBXNativeTarget;
			buildConfigurationList = 7AD9E1EE914B264B53B58215 /* Build configuration list for PBXNativeTarget "Shared Layouts" */;
			buildPhases = (
				3DB4EA343EDB67DFBFB07A0D /* Sources */,
				51265FB337A1096BD49C9E50 /* Resources */,
				E2F64463A6B2F5A3E7882D56 /* Embed Frameworks */,
				7A4365FC6EFB656ECFEDA285 /* Frameworks */,
			);
			buildRules = (
			);
			dependencies = (
				09226322388DDB687900F4B6 /* PBXTargetDependency */,
			);
			name = "Shared Layouts";
			productName = Shared_Layouts;
			productReference = 82F6A0518873B99087B6D123 /* Shared_Layouts.framework */;
			productType = "com.apple.product-type.framework";
		};
		AEBF3F393F3BD4CCD95FC95B /* Shared Models */ = {
			isa = PBXNativeTarget;
			buildConfigurationList = 123580BB801E33AD66489FBC /* Build configuration list for PBXNativeTarget "Shared Models" */;
			buildPhases = (
				DDA3E6AD827364D9954E3DD4 /* Sources */,
				95E8CC372298EE06CD9F16C7 /* Resources */,
				60CED4E9ECBFB456C0C2B091 /* Embed Frameworks */,
				35ABE33989350BDEF442F5FE /* Frameworks */,
			);
			buildRules = (
			);
			dependencies = (
			);
			name = "Shared Models";
			productName = Shared_Models;
			productReference = 0D63B91284327ABF936BAE33 /* Shared_Models.framework */;
			productType = "com.apple.product-type.framework";
		};
		C46343FA2E746A4293E11FE7 /* Shared Component D */ = {
			isa = PBXNativeTarget;
			buildConfigurationList = 99F447971F71217372AB1443 /* Build configuration list for PBXNativeTarget "Shared Component D" */;
			buildPhases = (
				FBC64870F6F215094CEDB1DB /* Sources */,
				4149E4F453306741DE4E050F /* Resources */,
				39518B29E6E039474DC285A6 /* Embed Frameworks */,
				44C3F10EBE5C8A6CF1D2DE1D /* Frameworks */,
			);
			buildRules = (
			);
			dependencies = (
				D0EC11216850A711257BCEF5 /* PBXTargetDependency */,
				444FF06921DF27A0AE1BB54F /* PBXTargetDependency */,
				FB7082FFBFDC8388C579800E /* PBXTargetDependency */,
			);
			name = "Shared Component D";
			productName = Shared_Component_D;
			productReference = 1DB83232BE38AB8DC38A51F9 /* Shared_Component_D.framework */;
			productType = "com.apple.product-type.framework";
		};
		EF3465820352680E24317D68 /* Shared Component C */ = {
			isa = PBXNativeTarget;
			buildConfigurationList = 7126C86793CDAB0D5488F3DF /* Build configuration list for PBXNativeTarget "Shared Component C" */;
			buildPhases = (
				B770D910961DCE03AE948B35 /* Sources */,
				FF04640067B5476D2501C868 /* Resources */,
				135AFB611ECC23D1A1D52599 /* Embed Frameworks */,
				9B545AF72C9D425B5FDCF2E2 /* Frameworks */,
			);
			buildRules = (
			);
			dependencies = (
				B84A52318B676FB23A7A9560 /* PBXTargetDependency */,
				3C4BFEE4D86746BBB49B1A2A /* PBXTargetDependency */,
				B48837F5B9A11C4C7F732D95 /* PBXTargetDependency */,
			);
			name = "Shared Component C";
			productName = Shared_Component_C;
			productReference = F8CD157FB84DB902125C242C /* Shared_Component_C.framework */;
			productType = "com.apple.product-type.framework";
		};
/* End PBXNativeTarget section */

/* Begin PBXProject section */
		CF2E1D8B54DADE3AB44ADA38 /* Project object */ = {
			isa = PBXProject;
			attributes = {
				BuildIndependentTargetsInParallel = YES;
				TargetAttributes = {
				};
			};
			buildConfigurationList = D2876CF02FBF5B694E5387F4 /* Build configuration list for PBXProject "Shared" */;
			compatibilityVersion = "Xcode 14.0";
			developmentRegion = en;
			hasScannedForEncodings = 0;
			knownRegions = (
				Base,
				en,
			);
			mainGroup = DA75EE09CE53689E1DEA0A26;
			productRefGroup = 72723117B1BFA01E33CBB7A6 /* Products */;
			projectDirPath = "";
			projectRoot = "";
			targets = (
				EF3465820352680E24317D68 /* Shared Component C */,
				C46343FA2E746A4293E11FE7 /* Shared Component D */,
				140DCFE5EFA7AE33F6B32530 /* Shared Architecture */,
				2A7FF680FC4BDE1734657F3F /* Shared Layouts */,
				AEBF3F393F3BD4CCD95FC95B /* Shared Models */,
			);
		};
/* End PBXProject section */

/* Begin PBXResourcesBuildPhase section */
		4149E4F453306741DE4E050F /* Resources */ = {
			isa = PBXResourcesBuildPhase;
			buildActionMask = 2147483647;
			files = (
			);
			runOnlyForDeploymentPostprocessing = 0;
		};
		51265FB337A1096BD49C9E50 /* Resources */ = {
			isa = PBXResourcesBuildPhase;
			buildActionMask = 2147483647;
			files = (
			);
			runOnlyForDeploymentPostprocessing = 0;
		};
		74009905586DEADF402F5172 /* Resources */ = {
			isa = PBXResourcesBuildPhase;
			buildActionMask = 2147483647;
			files = (
			);
			runOnlyForDeploymentPostprocessing = 0;
		};
		95E8CC372298EE06CD9F16C7 /* Resources */ = {
			isa = PBXResourcesBuildPhase;
			buildActionMask = 2147483647;
			files = (
			);
			runOnlyForDeploymentPostprocessing = 0;
		};
		FF04640067B5476D2501C868 /* Resources */ = {
			isa = PBXResourcesBuildPhase;
			buildActionMask = 2147483647;
			files = (
			);
			runOnlyForDeploymentPostprocessing = 0;
		};
/* End PBXResourcesBuildPhase section */

/* Begin PBXSourcesBuildPhase section */
		3DB4EA343EDB67DFBFB07A0D /* Sources */ = {
			isa = PBXSourcesBuildPhase;
			buildActionMask = 2147483647;
			files = (
				C0623FF3205C6D5020FCFD5E /* SharedButton.swift in Sources */,
			);
			runOnlyForDeploymentPostprocessing = 0;
		};
		B770D910961DCE03AE948B35 /* Sources */ = {
			isa = PBXSourcesBuildPhase;
			buildActionMask = 2147483647;
			files = (
				4FF914E2F079CD616C787D13 /* Component_C.swift in Sources */,
			);
			runOnlyForDeploymentPostprocessing = 0;
		};
		D66D094323B82CC01DC048F4 /* Sources */ = {
			isa = PBXSourcesBuildPhase;
			buildActionMask = 2147483647;
			files = (
				735A3031B213196ED8EB481B /* SharedButton.swift in Sources */,
			);
			runOnlyForDeploymentPostprocessing = 0;
		};
		DDA3E6AD827364D9954E3DD4 /* Sources */ = {
			isa = PBXSourcesBuildPhase;
			buildActionMask = 2147483647;
			files = (
				675FE20344752616201E5EC7 /* Models.swift in Sources */,
			);
			runOnlyForDeploymentPostprocessing = 0;
		};
		FBC64870F6F215094CEDB1DB /* Sources */ = {
			isa = PBXSourcesBuildPhase;
			buildActionMask = 2147483647;
			files = (
				D72C2739464FA9782C73CF03 /* Component_D.swift in Sources */,
			);
			runOnlyForDeploymentPostprocessing = 0;
		};
/* End PBXSourcesBuildPhase section */

/* Begin PBXTargetDependency section */
		09226322388DDB687900F4B6 /* PBXTargetDependency */ = {
			isa = PBXTargetDependency;
			name = "Shared Models";
			target = AEBF3F393F3BD4CCD95FC95B /* Shared Models */;
			targetProxy = EC0A8A847B0CB77D02234379 /* PBXContainerItemProxy */;
		};
		3C4BFEE4D86746BBB49B1A2A /* PBXTargetDependency */ = {
			isa = PBXTargetDependency;
			name = "Shared Layouts";
			target = 2A7FF680FC4BDE1734657F3F /* Shared Layouts */;
			targetProxy = 4500692C8B566A89BB012827 /* PBXContainerItemProxy */;
		};
		444FF06921DF27A0AE1BB54F /* PBXTargetDependency */ = {
			isa = PBXTargetDependency;
			name = "Shared Layouts";
			target = 2A7FF680FC4BDE1734657F3F /* Shared Layouts */;
			targetProxy = 50EB25647C746F629FAA2F4F /* PBXContainerItemProxy */;
		};
		B48837F5B9A11C4C7F732D95 /* PBXTargetDependency */ = {
			isa = PBXTargetDependency;
			name = "Shared Models";
			target = AEBF3F393F3BD4CCD95FC95B /* Shared Models */;
			targetProxy = C5BD9D5242E408C9FFEE666F /* PBXContainerItemProxy */;
		};
		B84A52318B676FB23A7A9560 /* PBXTargetDependency */ = {
			isa = PBXTargetDependency;
			name = "Shared Architecture";
			target = 140DCFE5EFA7AE33F6B32530 /* Shared Architecture */;
			targetProxy = 5A61C73AD1BA869539EFB175 /* PBXContainerItemProxy */;
		};
		D0EC11216850A711257BCEF5 /* PBXTargetDependency */ = {
			isa = PBXTargetDependency;
			name = "Shared Architecture";
			target = 140DCFE5EFA7AE33F6B32530 /* Shared Architecture */;
			targetProxy = 057713F242E66416E3802948 /* PBXContainerItemProxy */;
		};
		FB7082FFBFDC8388C579800E /* PBXTargetDependency */ = {
			isa = PBXTargetDependency;
			name = "Shared Models";
			target = AEBF3F393F3BD4CCD95FC95B /* Shared Models */;
			targetProxy = 9C90215C8E769D7B645DA9AF /* PBXContainerItemProxy */;
		};
/* End PBXTargetDependency section */

/* Begin XCBuildConfiguration section */
		0E18FAFB2FDDBEFAC057A880 /* Release */ = {
			isa = XCBuildConfiguration;
			buildSettings = {
				CODE_SIGN_IDENTITY = "";
				CURRENT_PROJECT_VERSION = 1;
				DEFINES_MODULE = YES;
				DYLIB_COMPATIBILITY_VERSION = 1;
				DYLIB_CURRENT_VERSION = 1;
				DYLIB_INSTALL_NAME_BASE = "@rpath";
				ENABLE_MODULE_VERIFIER = YES;
				ENABLE_USER_SCRIPT_SANDBOXING = YES;
				FRAMEWORK_SEARCH_PATHS = (
					"$(inherited)",
					"$(SRCROOT)/../../../../../../.cache/tuist-cloud/BinaryCache/02a0922d18a2d72fc8c888eff1fb99d2",
					"$(SRCROOT)/../../../../../../.cache/tuist-cloud/BinaryCache/1b43e536d5768f3857e0c4d0025304fb",
					"$(SRCROOT)/../../../../../../.cache/tuist-cloud/BinaryCache/2df3f584292133aa6156e9969c809c7a",
					"$(SRCROOT)/../../../../../../.cache/tuist-cloud/BinaryCache/5389e52cd847b67423cd53478e16e096",
					"$(SRCROOT)/../../../../../../.cache/tuist-cloud/BinaryCache/79cdb8cd0e07bbd30e2f180c90f079ff",
					"$(SRCROOT)/../../../../../../.cache/tuist-cloud/BinaryCache/822ab6fc8eaf0a76e410a9dfc5941fb0",
					"$(SRCROOT)/../../../../../../.cache/tuist-cloud/BinaryCache/a2bf40af77e5eb60cc89d8fedd918ad6",
					"$(SRCROOT)/../../../../../../.cache/tuist-cloud/BinaryCache/adba16dd8b9dbe691afeb0bafaf87e54",
					"$(SRCROOT)/../../../../../../.cache/tuist-cloud/BinaryCache/aec7256f6a17e6e5b2dccd5b0769f096",
					"$(SRCROOT)/../../../../../../.cache/tuist-cloud/BinaryCache/b696cf89752810e68af7e69e75de0cb2",
					"$(SRCROOT)/../../../../../../.cache/tuist-cloud/BinaryCache/d31dc1cd08505a00586378da604b6ef8",
					"$(SRCROOT)/../../../../../../.cache/tuist-cloud/BinaryCache/d9fd031a398a9e000ba4337362a7c0b3",
					"$(SRCROOT)/../../../../../../.cache/tuist-cloud/BinaryCache/e94f38edccbc6d4eb2037f096f671046",
					"$(SRCROOT)/../../../../../../.cache/tuist-cloud/BinaryCache/f9e5e48e6fe1a211d5fe7cb490cc4259",
				);
				INFOPLIST_FILE = "Derived/InfoPlists/Shared Component D-Info.plist";
				INSTALL_PATH = "$(LOCAL_LIBRARY_DIR)/Frameworks";
				IPHONEOS_DEPLOYMENT_TARGET = 16.0;
				LD_RUNPATH_SEARCH_PATHS = (
					"$(inherited)",
					"@executable_path/Frameworks",
					"@loader_path/Frameworks",
				);
				MODULE_VERIFIER_SUPPORTED_LANGUAGE_STANDARDS = "gnu11 gnu++14";
				OTHER_SWIFT_FLAGS = (
					"-load-plugin-executable",
					"/Users/josephgoodrick/.cache/tuist-cloud/BinaryCache/81fb22ee2e7d7aa6128ca3cf7034fbf7/DependenciesMacrosPlugin.macro#DependenciesMacrosPlugin",
					"-load-plugin-executable",
					"/Users/josephgoodrick/.cache/tuist-cloud/BinaryCache/190174a16bbe6f0103327226c8053f6b/PerceptionMacros.macro#PerceptionMacros",
					"-load-plugin-executable",
					"/Users/josephgoodrick/.cache/tuist-cloud/BinaryCache/df984cebd7b10ed2724a8517ad969225/ComposableArchitectureMacros.macro#ComposableArchitectureMacros",
					"-load-plugin-executable",
					"/Users/josephgoodrick/.cache/tuist-cloud/BinaryCache/d39e4a2c8331bc7eedab3b27aff2e89c/CasePathsMacros.macro#CasePathsMacros",
				);
				PRODUCT_BUNDLE_IDENTIFIER = com.minimal.repro.Shared.Component.D;
				PRODUCT_NAME = Shared_Component_D;
				SDKROOT = iphoneos;
				SKIP_INSTALL = YES;
				SUPPORTS_MACCATALYST = NO;
				SUPPORTS_MAC_DESIGNED_FOR_IPHONE_IPAD = YES;
				SUPPORTS_XR_DESIGNED_FOR_IPHONE_IPAD = NO;
				SWIFT_COMPILATION_MODE = wholemodule;
				SWIFT_OPTIMIZATION_LEVEL = "-Owholemodule";
				SWIFT_VERSION = 5.0;
				TARGETED_DEVICE_FAMILY = "1,2";
				VERSIONING_SYSTEM = "apple-generic";
				VERSION_INFO_PREFIX = "";
			};
			name = Release;
		};
		307A7B11E5B1E8FFE2BAB1AA /* Release */ = {
			isa = XCBuildConfiguration;
			buildSettings = {
				CODE_SIGN_IDENTITY = "";
				CURRENT_PROJECT_VERSION = 1;
				DEFINES_MODULE = YES;
				DYLIB_COMPATIBILITY_VERSION = 1;
				DYLIB_CURRENT_VERSION = 1;
				DYLIB_INSTALL_NAME_BASE = "@rpath";
				ENABLE_MODULE_VERIFIER = YES;
				ENABLE_USER_SCRIPT_SANDBOXING = YES;
				FRAMEWORK_SEARCH_PATHS = (
					"$(inherited)",
					"$(SRCROOT)/../../../../../../.cache/tuist-cloud/BinaryCache/02a0922d18a2d72fc8c888eff1fb99d2",
					"$(SRCROOT)/../../../../../../.cache/tuist-cloud/BinaryCache/1b43e536d5768f3857e0c4d0025304fb",
					"$(SRCROOT)/../../../../../../.cache/tuist-cloud/BinaryCache/2df3f584292133aa6156e9969c809c7a",
					"$(SRCROOT)/../../../../../../.cache/tuist-cloud/BinaryCache/5389e52cd847b67423cd53478e16e096",
					"$(SRCROOT)/../../../../../../.cache/tuist-cloud/BinaryCache/79cdb8cd0e07bbd30e2f180c90f079ff",
					"$(SRCROOT)/../../../../../../.cache/tuist-cloud/BinaryCache/822ab6fc8eaf0a76e410a9dfc5941fb0",
					"$(SRCROOT)/../../../../../../.cache/tuist-cloud/BinaryCache/a2bf40af77e5eb60cc89d8fedd918ad6",
					"$(SRCROOT)/../../../../../../.cache/tuist-cloud/BinaryCache/adba16dd8b9dbe691afeb0bafaf87e54",
					"$(SRCROOT)/../../../../../../.cache/tuist-cloud/BinaryCache/aec7256f6a17e6e5b2dccd5b0769f096",
					"$(SRCROOT)/../../../../../../.cache/tuist-cloud/BinaryCache/b696cf89752810e68af7e69e75de0cb2",
					"$(SRCROOT)/../../../../../../.cache/tuist-cloud/BinaryCache/d31dc1cd08505a00586378da604b6ef8",
					"$(SRCROOT)/../../../../../../.cache/tuist-cloud/BinaryCache/d9fd031a398a9e000ba4337362a7c0b3",
					"$(SRCROOT)/../../../../../../.cache/tuist-cloud/BinaryCache/e94f38edccbc6d4eb2037f096f671046",
					"$(SRCROOT)/../../../../../../.cache/tuist-cloud/BinaryCache/f9e5e48e6fe1a211d5fe7cb490cc4259",
				);
				INFOPLIST_FILE = "Derived/InfoPlists/Shared Component C-Info.plist";
				INSTALL_PATH = "$(LOCAL_LIBRARY_DIR)/Frameworks";
				IPHONEOS_DEPLOYMENT_TARGET = 16.0;
				LD_RUNPATH_SEARCH_PATHS = (
					"$(inherited)",
					"@executable_path/Frameworks",
					"@loader_path/Frameworks",
				);
				MODULE_VERIFIER_SUPPORTED_LANGUAGE_STANDARDS = "gnu11 gnu++14";
				OTHER_SWIFT_FLAGS = (
					"-load-plugin-executable",
					"/Users/josephgoodrick/.cache/tuist-cloud/BinaryCache/190174a16bbe6f0103327226c8053f6b/PerceptionMacros.macro#PerceptionMacros",
					"-load-plugin-executable",
					"/Users/josephgoodrick/.cache/tuist-cloud/BinaryCache/df984cebd7b10ed2724a8517ad969225/ComposableArchitectureMacros.macro#ComposableArchitectureMacros",
					"-load-plugin-executable",
					"/Users/josephgoodrick/.cache/tuist-cloud/BinaryCache/81fb22ee2e7d7aa6128ca3cf7034fbf7/DependenciesMacrosPlugin.macro#DependenciesMacrosPlugin",
					"-load-plugin-executable",
					"/Users/josephgoodrick/.cache/tuist-cloud/BinaryCache/d39e4a2c8331bc7eedab3b27aff2e89c/CasePathsMacros.macro#CasePathsMacros",
				);
				PRODUCT_BUNDLE_IDENTIFIER = com.minimal.repro.Shared.Component.C;
				PRODUCT_NAME = Shared_Component_C;
				SDKROOT = iphoneos;
				SKIP_INSTALL = YES;
				SUPPORTS_MACCATALYST = NO;
				SUPPORTS_MAC_DESIGNED_FOR_IPHONE_IPAD = YES;
				SUPPORTS_XR_DESIGNED_FOR_IPHONE_IPAD = NO;
				SWIFT_COMPILATION_MODE = wholemodule;
				SWIFT_OPTIMIZATION_LEVEL = "-Owholemodule";
				SWIFT_VERSION = 5.0;
				TARGETED_DEVICE_FAMILY = "1,2";
				VERSIONING_SYSTEM = "apple-generic";
				VERSION_INFO_PREFIX = "";
			};
			name = Release;
		};
		3935B37696856E1276B668ED /* Release */ = {
			isa = XCBuildConfiguration;
			buildSettings = {
				CODE_SIGN_IDENTITY = "";
				CURRENT_PROJECT_VERSION = 1;
				DEFINES_MODULE = YES;
				DYLIB_COMPATIBILITY_VERSION = 1;
				DYLIB_CURRENT_VERSION = 1;
				DYLIB_INSTALL_NAME_BASE = "@rpath";
				ENABLE_MODULE_VERIFIER = YES;
				ENABLE_USER_SCRIPT_SANDBOXING = YES;
				INFOPLIST_FILE = "Derived/InfoPlists/Shared Layouts-Info.plist";
				INSTALL_PATH = "$(LOCAL_LIBRARY_DIR)/Frameworks";
				IPHONEOS_DEPLOYMENT_TARGET = 16.0;
				LD_RUNPATH_SEARCH_PATHS = (
					"$(inherited)",
					"@executable_path/Frameworks",
					"@loader_path/Frameworks",
				);
				MODULE_VERIFIER_SUPPORTED_LANGUAGE_STANDARDS = "gnu11 gnu++14";
				PRODUCT_BUNDLE_IDENTIFIER = com.minimal.repro.Shared.Layouts;
				PRODUCT_NAME = Shared_Layouts;
				SDKROOT = iphoneos;
				SKIP_INSTALL = YES;
				SUPPORTS_MACCATALYST = NO;
				SUPPORTS_MAC_DESIGNED_FOR_IPHONE_IPAD = YES;
				SUPPORTS_XR_DESIGNED_FOR_IPHONE_IPAD = NO;
				SWIFT_COMPILATION_MODE = wholemodule;
				SWIFT_OPTIMIZATION_LEVEL = "-Owholemodule";
				SWIFT_VERSION = 5.0;
				TARGETED_DEVICE_FAMILY = "1,2";
				VERSIONING_SYSTEM = "apple-generic";
				VERSION_INFO_PREFIX = "";
			};
			name = Release;
		};
		4D505A73BBE2D859CE9F699A /* Debug */ = {
			isa = XCBuildConfiguration;
			buildSettings = {
				CODE_SIGN_IDENTITY = "";
				CURRENT_PROJECT_VERSION = 1;
				DEFINES_MODULE = YES;
				DYLIB_COMPATIBILITY_VERSION = 1;
				DYLIB_CURRENT_VERSION = 1;
				DYLIB_INSTALL_NAME_BASE = "@rpath";
				ENABLE_MODULE_VERIFIER = YES;
				ENABLE_USER_SCRIPT_SANDBOXING = YES;
				INFOPLIST_FILE = "Derived/InfoPlists/Shared Layouts-Info.plist";
				INSTALL_PATH = "$(LOCAL_LIBRARY_DIR)/Frameworks";
				IPHONEOS_DEPLOYMENT_TARGET = 16.0;
				LD_RUNPATH_SEARCH_PATHS = (
					"$(inherited)",
					"@executable_path/Frameworks",
					"@loader_path/Frameworks",
				);
				MODULE_VERIFIER_SUPPORTED_LANGUAGE_STANDARDS = "gnu11 gnu++14";
				PRODUCT_BUNDLE_IDENTIFIER = com.minimal.repro.Shared.Layouts;
				PRODUCT_NAME = Shared_Layouts;
				SDKROOT = iphoneos;
				SKIP_INSTALL = YES;
				SUPPORTS_MACCATALYST = NO;
				SUPPORTS_MAC_DESIGNED_FOR_IPHONE_IPAD = YES;
				SUPPORTS_XR_DESIGNED_FOR_IPHONE_IPAD = NO;
				SWIFT_ACTIVE_COMPILATION_CONDITIONS = (
					"$(inherited)",
					DEBUG,
				);
				SWIFT_COMPILATION_MODE = singlefile;
				SWIFT_OPTIMIZATION_LEVEL = "-Onone";
				SWIFT_VERSION = 5.0;
				TARGETED_DEVICE_FAMILY = "1,2";
				VERSIONING_SYSTEM = "apple-generic";
				VERSION_INFO_PREFIX = "";
			};
			name = Debug;
		};
		7813608D58661DB5E1035E5E /* Debug */ = {
			isa = XCBuildConfiguration;
			buildSettings = {
				CODE_SIGN_IDENTITY = "";
				CURRENT_PROJECT_VERSION = 1;
				DEFINES_MODULE = YES;
				DYLIB_COMPATIBILITY_VERSION = 1;
				DYLIB_CURRENT_VERSION = 1;
				DYLIB_INSTALL_NAME_BASE = "@rpath";
				ENABLE_MODULE_VERIFIER = YES;
				ENABLE_USER_SCRIPT_SANDBOXING = YES;
				FRAMEWORK_SEARCH_PATHS = (
					"$(inherited)",
					"$(SRCROOT)/../../../../../../.cache/tuist-cloud/BinaryCache/02a0922d18a2d72fc8c888eff1fb99d2",
					"$(SRCROOT)/../../../../../../.cache/tuist-cloud/BinaryCache/1b43e536d5768f3857e0c4d0025304fb",
					"$(SRCROOT)/../../../../../../.cache/tuist-cloud/BinaryCache/2df3f584292133aa6156e9969c809c7a",
					"$(SRCROOT)/../../../../../../.cache/tuist-cloud/BinaryCache/5389e52cd847b67423cd53478e16e096",
					"$(SRCROOT)/../../../../../../.cache/tuist-cloud/BinaryCache/79cdb8cd0e07bbd30e2f180c90f079ff",
					"$(SRCROOT)/../../../../../../.cache/tuist-cloud/BinaryCache/822ab6fc8eaf0a76e410a9dfc5941fb0",
					"$(SRCROOT)/../../../../../../.cache/tuist-cloud/BinaryCache/a2bf40af77e5eb60cc89d8fedd918ad6",
					"$(SRCROOT)/../../../../../../.cache/tuist-cloud/BinaryCache/adba16dd8b9dbe691afeb0bafaf87e54",
					"$(SRCROOT)/../../../../../../.cache/tuist-cloud/BinaryCache/aec7256f6a17e6e5b2dccd5b0769f096",
					"$(SRCROOT)/../../../../../../.cache/tuist-cloud/BinaryCache/b696cf89752810e68af7e69e75de0cb2",
					"$(SRCROOT)/../../../../../../.cache/tuist-cloud/BinaryCache/d31dc1cd08505a00586378da604b6ef8",
					"$(SRCROOT)/../../../../../../.cache/tuist-cloud/BinaryCache/d9fd031a398a9e000ba4337362a7c0b3",
					"$(SRCROOT)/../../../../../../.cache/tuist-cloud/BinaryCache/e94f38edccbc6d4eb2037f096f671046",
					"$(SRCROOT)/../../../../../../.cache/tuist-cloud/BinaryCache/f9e5e48e6fe1a211d5fe7cb490cc4259",
				);
				INFOPLIST_FILE = "Derived/InfoPlists/Shared Architecture-Info.plist";
				INSTALL_PATH = "$(LOCAL_LIBRARY_DIR)/Frameworks";
				IPHONEOS_DEPLOYMENT_TARGET = 16.0;
				LD_RUNPATH_SEARCH_PATHS = (
					"$(inherited)",
					"@executable_path/Frameworks",
					"@loader_path/Frameworks",
				);
				MODULE_VERIFIER_SUPPORTED_LANGUAGE_STANDARDS = "gnu11 gnu++14";
				OTHER_SWIFT_FLAGS = (
					"-load-plugin-executable",
					"/Users/josephgoodrick/.cache/tuist-cloud/BinaryCache/81fb22ee2e7d7aa6128ca3cf7034fbf7/DependenciesMacrosPlugin.macro#DependenciesMacrosPlugin",
					"-load-plugin-executable",
					"/Users/josephgoodrick/.cache/tuist-cloud/BinaryCache/df984cebd7b10ed2724a8517ad969225/ComposableArchitectureMacros.macro#ComposableArchitectureMacros",
					"-load-plugin-executable",
					"/Users/josephgoodrick/.cache/tuist-cloud/BinaryCache/d39e4a2c8331bc7eedab3b27aff2e89c/CasePathsMacros.macro#CasePathsMacros",
					"-load-plugin-executable",
					"/Users/josephgoodrick/.cache/tuist-cloud/BinaryCache/190174a16bbe6f0103327226c8053f6b/PerceptionMacros.macro#PerceptionMacros",
				);
				PRODUCT_BUNDLE_IDENTIFIER = com.minimal.repro.Shared.Architecture;
				PRODUCT_NAME = Shared_Architecture;
				SDKROOT = iphoneos;
				SKIP_INSTALL = YES;
				SUPPORTS_MACCATALYST = NO;
				SUPPORTS_MAC_DESIGNED_FOR_IPHONE_IPAD = YES;
				SUPPORTS_XR_DESIGNED_FOR_IPHONE_IPAD = NO;
				SWIFT_ACTIVE_COMPILATION_CONDITIONS = (
					"$(inherited)",
					DEBUG,
				);
				SWIFT_COMPILATION_MODE = singlefile;
				SWIFT_OPTIMIZATION_LEVEL = "-Onone";
				SWIFT_VERSION = 5.0;
				TARGETED_DEVICE_FAMILY = "1,2";
				VERSIONING_SYSTEM = "apple-generic";
				VERSION_INFO_PREFIX = "";
			};
			name = Debug;
		};
		AEEF7223D352B0DF4C5772A7 /* Debug */ = {
			isa = XCBuildConfiguration;
			buildSettings = {
				CODE_SIGN_IDENTITY = "";
				CURRENT_PROJECT_VERSION = 1;
				DEFINES_MODULE = YES;
				DYLIB_COMPATIBILITY_VERSION = 1;
				DYLIB_CURRENT_VERSION = 1;
				DYLIB_INSTALL_NAME_BASE = "@rpath";
				ENABLE_MODULE_VERIFIER = YES;
				ENABLE_USER_SCRIPT_SANDBOXING = YES;
				INFOPLIST_FILE = "Derived/InfoPlists/Shared Models-Info.plist";
				INSTALL_PATH = "$(LOCAL_LIBRARY_DIR)/Frameworks";
				IPHONEOS_DEPLOYMENT_TARGET = 16.0;
				LD_RUNPATH_SEARCH_PATHS = (
					"$(inherited)",
					"@executable_path/Frameworks",
					"@loader_path/Frameworks",
				);
				MODULE_VERIFIER_SUPPORTED_LANGUAGE_STANDARDS = "gnu11 gnu++14";
				PRODUCT_BUNDLE_IDENTIFIER = com.minimal.repro.Shared.Models;
				PRODUCT_NAME = Shared_Models;
				SDKROOT = iphoneos;
				SKIP_INSTALL = YES;
				SUPPORTS_MACCATALYST = NO;
				SUPPORTS_MAC_DESIGNED_FOR_IPHONE_IPAD = YES;
				SUPPORTS_XR_DESIGNED_FOR_IPHONE_IPAD = NO;
				SWIFT_ACTIVE_COMPILATION_CONDITIONS = (
					"$(inherited)",
					DEBUG,
				);
				SWIFT_COMPILATION_MODE = singlefile;
				SWIFT_OPTIMIZATION_LEVEL = "-Onone";
				SWIFT_VERSION = 5.0;
				TARGETED_DEVICE_FAMILY = "1,2";
				VERSIONING_SYSTEM = "apple-generic";
				VERSION_INFO_PREFIX = "";
			};
			name = Debug;
		};
		B0BEBD54E25597FBD40089CD /* Debug */ = {
			isa = XCBuildConfiguration;
			buildSettings = {
				CODE_SIGN_IDENTITY = "";
				CURRENT_PROJECT_VERSION = 1;
				DEFINES_MODULE = YES;
				DYLIB_COMPATIBILITY_VERSION = 1;
				DYLIB_CURRENT_VERSION = 1;
				DYLIB_INSTALL_NAME_BASE = "@rpath";
				ENABLE_MODULE_VERIFIER = YES;
				ENABLE_USER_SCRIPT_SANDBOXING = YES;
				FRAMEWORK_SEARCH_PATHS = (
					"$(inherited)",
					"$(SRCROOT)/../../../../../../.cache/tuist-cloud/BinaryCache/02a0922d18a2d72fc8c888eff1fb99d2",
					"$(SRCROOT)/../../../../../../.cache/tuist-cloud/BinaryCache/1b43e536d5768f3857e0c4d0025304fb",
					"$(SRCROOT)/../../../../../../.cache/tuist-cloud/BinaryCache/2df3f584292133aa6156e9969c809c7a",
					"$(SRCROOT)/../../../../../../.cache/tuist-cloud/BinaryCache/5389e52cd847b67423cd53478e16e096",
					"$(SRCROOT)/../../../../../../.cache/tuist-cloud/BinaryCache/79cdb8cd0e07bbd30e2f180c90f079ff",
					"$(SRCROOT)/../../../../../../.cache/tuist-cloud/BinaryCache/822ab6fc8eaf0a76e410a9dfc5941fb0",
					"$(SRCROOT)/../../../../../../.cache/tuist-cloud/BinaryCache/a2bf40af77e5eb60cc89d8fedd918ad6",
					"$(SRCROOT)/../../../../../../.cache/tuist-cloud/BinaryCache/adba16dd8b9dbe691afeb0bafaf87e54",
					"$(SRCROOT)/../../../../../../.cache/tuist-cloud/BinaryCache/aec7256f6a17e6e5b2dccd5b0769f096",
					"$(SRCROOT)/../../../../../../.cache/tuist-cloud/BinaryCache/b696cf89752810e68af7e69e75de0cb2",
					"$(SRCROOT)/../../../../../../.cache/tuist-cloud/BinaryCache/d31dc1cd08505a00586378da604b6ef8",
					"$(SRCROOT)/../../../../../../.cache/tuist-cloud/BinaryCache/d9fd031a398a9e000ba4337362a7c0b3",
					"$(SRCROOT)/../../../../../../.cache/tuist-cloud/BinaryCache/e94f38edccbc6d4eb2037f096f671046",
					"$(SRCROOT)/../../../../../../.cache/tuist-cloud/BinaryCache/f9e5e48e6fe1a211d5fe7cb490cc4259",
				);
				INFOPLIST_FILE = "Derived/InfoPlists/Shared Component C-Info.plist";
				INSTALL_PATH = "$(LOCAL_LIBRARY_DIR)/Frameworks";
				IPHONEOS_DEPLOYMENT_TARGET = 16.0;
				LD_RUNPATH_SEARCH_PATHS = (
					"$(inherited)",
					"@executable_path/Frameworks",
					"@loader_path/Frameworks",
				);
				MODULE_VERIFIER_SUPPORTED_LANGUAGE_STANDARDS = "gnu11 gnu++14";
				OTHER_SWIFT_FLAGS = (
					"-load-plugin-executable",
					"/Users/josephgoodrick/.cache/tuist-cloud/BinaryCache/190174a16bbe6f0103327226c8053f6b/PerceptionMacros.macro#PerceptionMacros",
					"-load-plugin-executable",
					"/Users/josephgoodrick/.cache/tuist-cloud/BinaryCache/d39e4a2c8331bc7eedab3b27aff2e89c/CasePathsMacros.macro#CasePathsMacros",
					"-load-plugin-executable",
					"/Users/josephgoodrick/.cache/tuist-cloud/BinaryCache/81fb22ee2e7d7aa6128ca3cf7034fbf7/DependenciesMacrosPlugin.macro#DependenciesMacrosPlugin",
					"-load-plugin-executable",
					"/Users/josephgoodrick/.cache/tuist-cloud/BinaryCache/df984cebd7b10ed2724a8517ad969225/ComposableArchitectureMacros.macro#ComposableArchitectureMacros",
				);
				PRODUCT_BUNDLE_IDENTIFIER = com.minimal.repro.Shared.Component.C;
				PRODUCT_NAME = Shared_Component_C;
				SDKROOT = iphoneos;
				SKIP_INSTALL = YES;
				SUPPORTS_MACCATALYST = NO;
				SUPPORTS_MAC_DESIGNED_FOR_IPHONE_IPAD = YES;
				SUPPORTS_XR_DESIGNED_FOR_IPHONE_IPAD = NO;
				SWIFT_ACTIVE_COMPILATION_CONDITIONS = (
					"$(inherited)",
					DEBUG,
				);
				SWIFT_COMPILATION_MODE = singlefile;
				SWIFT_OPTIMIZATION_LEVEL = "-Onone";
				SWIFT_VERSION = 5.0;
				TARGETED_DEVICE_FAMILY = "1,2";
				VERSIONING_SYSTEM = "apple-generic";
				VERSION_INFO_PREFIX = "";
			};
			name = Debug;
		};
		CD5540CA2D8D598B5DDC6F33 /* Debug */ = {
			isa = XCBuildConfiguration;
			buildSettings = {
				CODE_SIGN_IDENTITY = "";
				CURRENT_PROJECT_VERSION = 1;
				DEFINES_MODULE = YES;
				DYLIB_COMPATIBILITY_VERSION = 1;
				DYLIB_CURRENT_VERSION = 1;
				DYLIB_INSTALL_NAME_BASE = "@rpath";
				ENABLE_MODULE_VERIFIER = YES;
				ENABLE_USER_SCRIPT_SANDBOXING = YES;
				FRAMEWORK_SEARCH_PATHS = (
					"$(inherited)",
					"$(SRCROOT)/../../../../../../.cache/tuist-cloud/BinaryCache/02a0922d18a2d72fc8c888eff1fb99d2",
					"$(SRCROOT)/../../../../../../.cache/tuist-cloud/BinaryCache/1b43e536d5768f3857e0c4d0025304fb",
					"$(SRCROOT)/../../../../../../.cache/tuist-cloud/BinaryCache/2df3f584292133aa6156e9969c809c7a",
					"$(SRCROOT)/../../../../../../.cache/tuist-cloud/BinaryCache/5389e52cd847b67423cd53478e16e096",
					"$(SRCROOT)/../../../../../../.cache/tuist-cloud/BinaryCache/79cdb8cd0e07bbd30e2f180c90f079ff",
					"$(SRCROOT)/../../../../../../.cache/tuist-cloud/BinaryCache/822ab6fc8eaf0a76e410a9dfc5941fb0",
					"$(SRCROOT)/../../../../../../.cache/tuist-cloud/BinaryCache/a2bf40af77e5eb60cc89d8fedd918ad6",
					"$(SRCROOT)/../../../../../../.cache/tuist-cloud/BinaryCache/adba16dd8b9dbe691afeb0bafaf87e54",
					"$(SRCROOT)/../../../../../../.cache/tuist-cloud/BinaryCache/aec7256f6a17e6e5b2dccd5b0769f096",
					"$(SRCROOT)/../../../../../../.cache/tuist-cloud/BinaryCache/b696cf89752810e68af7e69e75de0cb2",
					"$(SRCROOT)/../../../../../../.cache/tuist-cloud/BinaryCache/d31dc1cd08505a00586378da604b6ef8",
					"$(SRCROOT)/../../../../../../.cache/tuist-cloud/BinaryCache/d9fd031a398a9e000ba4337362a7c0b3",
					"$(SRCROOT)/../../../../../../.cache/tuist-cloud/BinaryCache/e94f38edccbc6d4eb2037f096f671046",
					"$(SRCROOT)/../../../../../../.cache/tuist-cloud/BinaryCache/f9e5e48e6fe1a211d5fe7cb490cc4259",
				);
				INFOPLIST_FILE = "Derived/InfoPlists/Shared Component D-Info.plist";
				INSTALL_PATH = "$(LOCAL_LIBRARY_DIR)/Frameworks";
				IPHONEOS_DEPLOYMENT_TARGET = 16.0;
				LD_RUNPATH_SEARCH_PATHS = (
					"$(inherited)",
					"@executable_path/Frameworks",
					"@loader_path/Frameworks",
				);
				MODULE_VERIFIER_SUPPORTED_LANGUAGE_STANDARDS = "gnu11 gnu++14";
				OTHER_SWIFT_FLAGS = (
					"-load-plugin-executable",
					"/Users/josephgoodrick/.cache/tuist-cloud/BinaryCache/81fb22ee2e7d7aa6128ca3cf7034fbf7/DependenciesMacrosPlugin.macro#DependenciesMacrosPlugin",
					"-load-plugin-executable",
					"/Users/josephgoodrick/.cache/tuist-cloud/BinaryCache/190174a16bbe6f0103327226c8053f6b/PerceptionMacros.macro#PerceptionMacros",
					"-load-plugin-executable",
					"/Users/josephgoodrick/.cache/tuist-cloud/BinaryCache/df984cebd7b10ed2724a8517ad969225/ComposableArchitectureMacros.macro#ComposableArchitectureMacros",
					"-load-plugin-executable",
					"/Users/josephgoodrick/.cache/tuist-cloud/BinaryCache/d39e4a2c8331bc7eedab3b27aff2e89c/CasePathsMacros.macro#CasePathsMacros",
				);
				PRODUCT_BUNDLE_IDENTIFIER = com.minimal.repro.Shared.Component.D;
				PRODUCT_NAME = Shared_Component_D;
				SDKROOT = iphoneos;
				SKIP_INSTALL = YES;
				SUPPORTS_MACCATALYST = NO;
				SUPPORTS_MAC_DESIGNED_FOR_IPHONE_IPAD = YES;
				SUPPORTS_XR_DESIGNED_FOR_IPHONE_IPAD = NO;
				SWIFT_ACTIVE_COMPILATION_CONDITIONS = (
					"$(inherited)",
					DEBUG,
				);
				SWIFT_COMPILATION_MODE = singlefile;
				SWIFT_OPTIMIZATION_LEVEL = "-Onone";
				SWIFT_VERSION = 5.0;
				TARGETED_DEVICE_FAMILY = "1,2";
				VERSIONING_SYSTEM = "apple-generic";
				VERSION_INFO_PREFIX = "";
			};
			name = Debug;
		};
		D7A3C293A18A829F33CF4960 /* Release */ = {
			isa = XCBuildConfiguration;
			buildSettings = {
				ALWAYS_SEARCH_USER_PATHS = NO;
				CLANG_ANALYZER_LOCALIZABILITY_NONLOCALIZED = YES;
				CLANG_ANALYZER_NONNULL = YES;
				CLANG_ANALYZER_NUMBER_OBJECT_CONVERSION = YES_AGGRESSIVE;
				CLANG_CXX_LANGUAGE_STANDARD = "gnu++14";
				CLANG_CXX_LIBRARY = "libc++";
				CLANG_ENABLE_MODULES = YES;
				CLANG_ENABLE_OBJC_ARC = YES;
				CLANG_ENABLE_OBJC_WEAK = YES;
				CLANG_WARN_BLOCK_CAPTURE_AUTORELEASING = YES;
				CLANG_WARN_BOOL_CONVERSION = YES;
				CLANG_WARN_COMMA = YES;
				CLANG_WARN_CONSTANT_CONVERSION = YES;
				CLANG_WARN_DEPRECATED_OBJC_IMPLEMENTATIONS = YES;
				CLANG_WARN_DIRECT_OBJC_ISA_USAGE = YES_ERROR;
				CLANG_WARN_DOCUMENTATION_COMMENTS = YES;
				CLANG_WARN_EMPTY_BODY = YES;
				CLANG_WARN_ENUM_CONVERSION = YES;
				CLANG_WARN_INFINITE_RECURSION = YES;
				CLANG_WARN_INT_CONVERSION = YES;
				CLANG_WARN_NON_LITERAL_NULL_CONVERSION = YES;
				CLANG_WARN_OBJC_IMPLICIT_RETAIN_SELF = YES;
				CLANG_WARN_OBJC_LITERAL_CONVERSION = YES;
				CLANG_WARN_OBJC_ROOT_CLASS = YES_ERROR;
				CLANG_WARN_QUOTED_INCLUDE_IN_FRAMEWORK_HEADER = YES;
				CLANG_WARN_RANGE_LOOP_ANALYSIS = YES;
				CLANG_WARN_STRICT_PROTOTYPES = YES;
				CLANG_WARN_SUSPICIOUS_MOVE = YES;
				CLANG_WARN_UNGUARDED_AVAILABILITY = YES_AGGRESSIVE;
				CLANG_WARN_UNREACHABLE_CODE = YES;
				CLANG_WARN__DUPLICATE_METHOD_MATCH = YES;
				COPY_PHASE_STRIP = NO;
				DEAD_CODE_STRIPPING = YES;
				DEBUG_INFORMATION_FORMAT = "dwarf-with-dsym";
				ENABLE_NS_ASSERTIONS = NO;
				ENABLE_STRICT_OBJC_MSGSEND = YES;
				GCC_C_LANGUAGE_STANDARD = gnu11;
				GCC_NO_COMMON_BLOCKS = YES;
				GCC_WARN_64_TO_32_BIT_CONVERSION = YES;
				GCC_WARN_ABOUT_RETURN_TYPE = YES_ERROR;
				GCC_WARN_UNDECLARED_SELECTOR = YES;
				GCC_WARN_UNINITIALIZED_AUTOS = YES_AGGRESSIVE;
				GCC_WARN_UNUSED_FUNCTION = YES;
				GCC_WARN_UNUSED_VARIABLE = YES;
				MTL_ENABLE_DEBUG_INFO = NO;
				PRODUCT_NAME = "$(TARGET_NAME)";
				VALIDATE_PRODUCT = YES;
			};
			name = Release;
		};
		EB4FE543083AA8853AC66848 /* Release */ = {
			isa = XCBuildConfiguration;
			buildSettings = {
				CODE_SIGN_IDENTITY = "";
				CURRENT_PROJECT_VERSION = 1;
				DEFINES_MODULE = YES;
				DYLIB_COMPATIBILITY_VERSION = 1;
				DYLIB_CURRENT_VERSION = 1;
				DYLIB_INSTALL_NAME_BASE = "@rpath";
				ENABLE_MODULE_VERIFIER = YES;
				ENABLE_USER_SCRIPT_SANDBOXING = YES;
				INFOPLIST_FILE = "Derived/InfoPlists/Shared Models-Info.plist";
				INSTALL_PATH = "$(LOCAL_LIBRARY_DIR)/Frameworks";
				IPHONEOS_DEPLOYMENT_TARGET = 16.0;
				LD_RUNPATH_SEARCH_PATHS = (
					"$(inherited)",
					"@executable_path/Frameworks",
					"@loader_path/Frameworks",
				);
				MODULE_VERIFIER_SUPPORTED_LANGUAGE_STANDARDS = "gnu11 gnu++14";
				PRODUCT_BUNDLE_IDENTIFIER = com.minimal.repro.Shared.Models;
				PRODUCT_NAME = Shared_Models;
				SDKROOT = iphoneos;
				SKIP_INSTALL = YES;
				SUPPORTS_MACCATALYST = NO;
				SUPPORTS_MAC_DESIGNED_FOR_IPHONE_IPAD = YES;
				SUPPORTS_XR_DESIGNED_FOR_IPHONE_IPAD = NO;
				SWIFT_COMPILATION_MODE = wholemodule;
				SWIFT_OPTIMIZATION_LEVEL = "-Owholemodule";
				SWIFT_VERSION = 5.0;
				TARGETED_DEVICE_FAMILY = "1,2";
				VERSIONING_SYSTEM = "apple-generic";
				VERSION_INFO_PREFIX = "";
			};
			name = Release;
		};
		FA09E0D1BF44993C2C215471 /* Debug */ = {
			isa = XCBuildConfiguration;
			buildSettings = {
				ALWAYS_SEARCH_USER_PATHS = NO;
				CLANG_ANALYZER_LOCALIZABILITY_NONLOCALIZED = YES;
				CLANG_ANALYZER_NONNULL = YES;
				CLANG_ANALYZER_NUMBER_OBJECT_CONVERSION = YES_AGGRESSIVE;
				CLANG_CXX_LANGUAGE_STANDARD = "gnu++14";
				CLANG_CXX_LIBRARY = "libc++";
				CLANG_ENABLE_MODULES = YES;
				CLANG_ENABLE_OBJC_ARC = YES;
				CLANG_ENABLE_OBJC_WEAK = YES;
				CLANG_WARN_BLOCK_CAPTURE_AUTORELEASING = YES;
				CLANG_WARN_BOOL_CONVERSION = YES;
				CLANG_WARN_COMMA = YES;
				CLANG_WARN_CONSTANT_CONVERSION = YES;
				CLANG_WARN_DEPRECATED_OBJC_IMPLEMENTATIONS = YES;
				CLANG_WARN_DIRECT_OBJC_ISA_USAGE = YES_ERROR;
				CLANG_WARN_DOCUMENTATION_COMMENTS = YES;
				CLANG_WARN_EMPTY_BODY = YES;
				CLANG_WARN_ENUM_CONVERSION = YES;
				CLANG_WARN_INFINITE_RECURSION = YES;
				CLANG_WARN_INT_CONVERSION = YES;
				CLANG_WARN_NON_LITERAL_NULL_CONVERSION = YES;
				CLANG_WARN_OBJC_IMPLICIT_RETAIN_SELF = YES;
				CLANG_WARN_OBJC_LITERAL_CONVERSION = YES;
				CLANG_WARN_OBJC_ROOT_CLASS = YES_ERROR;
				CLANG_WARN_QUOTED_INCLUDE_IN_FRAMEWORK_HEADER = YES;
				CLANG_WARN_RANGE_LOOP_ANALYSIS = YES;
				CLANG_WARN_STRICT_PROTOTYPES = YES;
				CLANG_WARN_SUSPICIOUS_MOVE = YES;
				CLANG_WARN_UNGUARDED_AVAILABILITY = YES_AGGRESSIVE;
				CLANG_WARN_UNREACHABLE_CODE = YES;
				CLANG_WARN__DUPLICATE_METHOD_MATCH = YES;
				COPY_PHASE_STRIP = NO;
				DEAD_CODE_STRIPPING = YES;
				DEBUG_INFORMATION_FORMAT = dwarf;
				ENABLE_STRICT_OBJC_MSGSEND = YES;
				ENABLE_TESTABILITY = YES;
				GCC_C_LANGUAGE_STANDARD = gnu11;
				GCC_DYNAMIC_NO_PIC = NO;
				GCC_NO_COMMON_BLOCKS = YES;
				GCC_OPTIMIZATION_LEVEL = 0;
				GCC_PREPROCESSOR_DEFINITIONS = (
					"DEBUG=1",
					"$(inherited)",
				);
				GCC_WARN_64_TO_32_BIT_CONVERSION = YES;
				GCC_WARN_ABOUT_RETURN_TYPE = YES_ERROR;
				GCC_WARN_UNDECLARED_SELECTOR = YES;
				GCC_WARN_UNINITIALIZED_AUTOS = YES_AGGRESSIVE;
				GCC_WARN_UNUSED_FUNCTION = YES;
				GCC_WARN_UNUSED_VARIABLE = YES;
				MTL_ENABLE_DEBUG_INFO = YES;
				ONLY_ACTIVE_ARCH = YES;
				PRODUCT_NAME = "$(TARGET_NAME)";
			};
			name = Debug;
		};
		FC0D64538A6EEED6CB075B6C /* Release */ = {
			isa = XCBuildConfiguration;
			buildSettings = {
				CODE_SIGN_IDENTITY = "";
				CURRENT_PROJECT_VERSION = 1;
				DEFINES_MODULE = YES;
				DYLIB_COMPATIBILITY_VERSION = 1;
				DYLIB_CURRENT_VERSION = 1;
				DYLIB_INSTALL_NAME_BASE = "@rpath";
				ENABLE_MODULE_VERIFIER = YES;
				ENABLE_USER_SCRIPT_SANDBOXING = YES;
				FRAMEWORK_SEARCH_PATHS = (
					"$(inherited)",
					"$(SRCROOT)/../../../../../../.cache/tuist-cloud/BinaryCache/02a0922d18a2d72fc8c888eff1fb99d2",
					"$(SRCROOT)/../../../../../../.cache/tuist-cloud/BinaryCache/1b43e536d5768f3857e0c4d0025304fb",
					"$(SRCROOT)/../../../../../../.cache/tuist-cloud/BinaryCache/2df3f584292133aa6156e9969c809c7a",
					"$(SRCROOT)/../../../../../../.cache/tuist-cloud/BinaryCache/5389e52cd847b67423cd53478e16e096",
					"$(SRCROOT)/../../../../../../.cache/tuist-cloud/BinaryCache/79cdb8cd0e07bbd30e2f180c90f079ff",
					"$(SRCROOT)/../../../../../../.cache/tuist-cloud/BinaryCache/822ab6fc8eaf0a76e410a9dfc5941fb0",
					"$(SRCROOT)/../../../../../../.cache/tuist-cloud/BinaryCache/a2bf40af77e5eb60cc89d8fedd918ad6",
					"$(SRCROOT)/../../../../../../.cache/tuist-cloud/BinaryCache/adba16dd8b9dbe691afeb0bafaf87e54",
					"$(SRCROOT)/../../../../../../.cache/tuist-cloud/BinaryCache/aec7256f6a17e6e5b2dccd5b0769f096",
					"$(SRCROOT)/../../../../../../.cache/tuist-cloud/BinaryCache/b696cf89752810e68af7e69e75de0cb2",
					"$(SRCROOT)/../../../../../../.cache/tuist-cloud/BinaryCache/d31dc1cd08505a00586378da604b6ef8",
					"$(SRCROOT)/../../../../../../.cache/tuist-cloud/BinaryCache/d9fd031a398a9e000ba4337362a7c0b3",
					"$(SRCROOT)/../../../../../../.cache/tuist-cloud/BinaryCache/e94f38edccbc6d4eb2037f096f671046",
					"$(SRCROOT)/../../../../../../.cache/tuist-cloud/BinaryCache/f9e5e48e6fe1a211d5fe7cb490cc4259",
				);
				INFOPLIST_FILE = "Derived/InfoPlists/Shared Architecture-Info.plist";
				INSTALL_PATH = "$(LOCAL_LIBRARY_DIR)/Frameworks";
				IPHONEOS_DEPLOYMENT_TARGET = 16.0;
				LD_RUNPATH_SEARCH_PATHS = (
					"$(inherited)",
					"@executable_path/Frameworks",
					"@loader_path/Frameworks",
				);
				MODULE_VERIFIER_SUPPORTED_LANGUAGE_STANDARDS = "gnu11 gnu++14";
				OTHER_SWIFT_FLAGS = (
					"-load-plugin-executable",
					"/Users/josephgoodrick/.cache/tuist-cloud/BinaryCache/190174a16bbe6f0103327226c8053f6b/PerceptionMacros.macro#PerceptionMacros",
					"-load-plugin-executable",
					"/Users/josephgoodrick/.cache/tuist-cloud/BinaryCache/df984cebd7b10ed2724a8517ad969225/ComposableArchitectureMacros.macro#ComposableArchitectureMacros",
					"-load-plugin-executable",
					"/Users/josephgoodrick/.cache/tuist-cloud/BinaryCache/81fb22ee2e7d7aa6128ca3cf7034fbf7/DependenciesMacrosPlugin.macro#DependenciesMacrosPlugin",
					"-load-plugin-executable",
					"/Users/josephgoodrick/.cache/tuist-cloud/BinaryCache/d39e4a2c8331bc7eedab3b27aff2e89c/CasePathsMacros.macro#CasePathsMacros",
				);
				PRODUCT_BUNDLE_IDENTIFIER = com.minimal.repro.Shared.Architecture;
				PRODUCT_NAME = Shared_Architecture;
				SDKROOT = iphoneos;
				SKIP_INSTALL = YES;
				SUPPORTS_MACCATALYST = NO;
				SUPPORTS_MAC_DESIGNED_FOR_IPHONE_IPAD = YES;
				SUPPORTS_XR_DESIGNED_FOR_IPHONE_IPAD = NO;
				SWIFT_COMPILATION_MODE = wholemodule;
				SWIFT_OPTIMIZATION_LEVEL = "-Owholemodule";
				SWIFT_VERSION = 5.0;
				TARGETED_DEVICE_FAMILY = "1,2";
				VERSIONING_SYSTEM = "apple-generic";
				VERSION_INFO_PREFIX = "";
			};
			name = Release;
		};
/* End XCBuildConfiguration section */

/* Begin XCConfigurationList section */
		123580BB801E33AD66489FBC /* Build configuration list for PBXNativeTarget "Shared Models" */ = {
			isa = XCConfigurationList;
			buildConfigurations = (
				AEEF7223D352B0DF4C5772A7 /* Debug */,
				EB4FE543083AA8853AC66848 /* Release */,
			);
			defaultConfigurationIsVisible = 0;
			defaultConfigurationName = Release;
		};
		7126C86793CDAB0D5488F3DF /* Build configuration list for PBXNativeTarget "Shared Component C" */ = {
			isa = XCConfigurationList;
			buildConfigurations = (
				B0BEBD54E25597FBD40089CD /* Debug */,
				307A7B11E5B1E8FFE2BAB1AA /* Release */,
			);
			defaultConfigurationIsVisible = 0;
			defaultConfigurationName = Release;
		};
		7AD9E1EE914B264B53B58215 /* Build configuration list for PBXNativeTarget "Shared Layouts" */ = {
			isa = XCConfigurationList;
			buildConfigurations = (
				4D505A73BBE2D859CE9F699A /* Debug */,
				3935B37696856E1276B668ED /* Release */,
			);
			defaultConfigurationIsVisible = 0;
			defaultConfigurationName = Release;
		};
		8D0B7B0E7104E71E9ACE12E2 /* Build configuration list for PBXNativeTarget "Shared Architecture" */ = {
			isa = XCConfigurationList;
			buildConfigurations = (
				7813608D58661DB5E1035E5E /* Debug */,
				FC0D64538A6EEED6CB075B6C /* Release */,
			);
			defaultConfigurationIsVisible = 0;
			defaultConfigurationName = Release;
		};
		99F447971F71217372AB1443 /* Build configuration list for PBXNativeTarget "Shared Component D" */ = {
			isa = XCConfigurationList;
			buildConfigurations = (
				CD5540CA2D8D598B5DDC6F33 /* Debug */,
				0E18FAFB2FDDBEFAC057A880 /* Release */,
			);
			defaultConfigurationIsVisible = 0;
			defaultConfigurationName = Release;
		};
		D2876CF02FBF5B694E5387F4 /* Build configuration list for PBXProject "Shared" */ = {
			isa = XCConfigurationList;
			buildConfigurations = (
				FA09E0D1BF44993C2C215471 /* Debug */,
				D7A3C293A18A829F33CF4960 /* Release */,
			);
			defaultConfigurationIsVisible = 0;
			defaultConfigurationName = Release;
		};
/* End XCConfigurationList section */
	};
	rootObject = CF2E1D8B54DADE3AB44ADA38 /* Project object */;
}
